// !$*UTF8*$!
{
	archiveVersion = 1;
	classes = {
	};
	objectVersion = 56;
	objects = {

/* Begin PBXBuildFile section */
		7A269CB429D9DC92005D84BF /* SwiftUI_POC2App.swift in Sources */ = {isa = PBXBuildFile; fileRef = 7A269CB329D9DC92005D84BF /* SwiftUI_POC2App.swift */; };
		7A269CB629D9DC92005D84BF /* ContentView.swift in Sources */ = {isa = PBXBuildFile; fileRef = 7A269CB529D9DC92005D84BF /* ContentView.swift */; };
		7A269CB829D9DC93005D84BF /* Assets.xcassets in Resources */ = {isa = PBXBuildFile; fileRef = 7A269CB729D9DC93005D84BF /* Assets.xcassets */; };
		7A269CBB29D9DC93005D84BF /* Preview Assets.xcassets in Resources */ = {isa = PBXBuildFile; fileRef = 7A269CBA29D9DC93005D84BF /* Preview Assets.xcassets */; };
		7A269CC529D9DC94005D84BF /* SwiftUI_POC2Tests.swift in Sources */ = {isa = PBXBuildFile; fileRef = 7A269CC429D9DC94005D84BF /* SwiftUI_POC2Tests.swift */; };
		7A269CCF29D9DC94005D84BF /* SwiftUI_POC2UITests.swift in Sources */ = {isa = PBXBuildFile; fileRef = 7A269CCE29D9DC94005D84BF /* SwiftUI_POC2UITests.swift */; };
		7A269CD129D9DC94005D84BF /* SwiftUI_POC2UITestsLaunchTests.swift in Sources */ = {isa = PBXBuildFile; fileRef = 7A269CD029D9DC94005D84BF /* SwiftUI_POC2UITestsLaunchTests.swift */; };
		7A269CDF29D9DCD5005D84BF /* RxCocoa in Frameworks */ = {isa = PBXBuildFile; productRef = 7A269CDE29D9DCD5005D84BF /* RxCocoa */; };
		7A269CE129D9DCD5005D84BF /* RxRelay in Frameworks */ = {isa = PBXBuildFile; productRef = 7A269CE029D9DCD5005D84BF /* RxRelay */; };
		7A269CE329D9DCD5005D84BF /* RxSwift in Frameworks */ = {isa = PBXBuildFile; productRef = 7A269CE229D9DCD5005D84BF /* RxSwift */; };
/* End PBXBuildFile section */

/* Begin PBXContainerItemProxy section */
		7A269CC129D9DC94005D84BF /* PBXContainerItemProxy */ = {
			isa = PBXContainerItemProxy;
			containerPortal = 7A269CA829D9DC92005D84BF /* Project object */;
			proxyType = 1;
			remoteGlobalIDString = 7A269CAF29D9DC92005D84BF;
			remoteInfo = SwiftUI_POC2;
		};
		7A269CCB29D9DC94005D84BF /* PBXContainerItemProxy */ = {
			isa = PBXContainerItemProxy;
			containerPortal = 7A269CA829D9DC92005D84BF /* Project object */;
			proxyType = 1;
			remoteGlobalIDString = 7A269CAF29D9DC92005D84BF;
			remoteInfo = SwiftUI_POC2;
		};
/* End PBXContainerItemProxy section */

/* Begin PBXFileReference section */
		7A269CB029D9DC92005D84BF /* SwiftUI_POC2.app */ = {isa = PBXFileReference; explicitFileType = wrapper.application; includeInIndex = 0; path = SwiftUI_POC2.app; sourceTree = BUILT_PRODUCTS_DIR; };
		7A269CB329D9DC92005D84BF /* SwiftUI_POC2App.swift */ = {isa = PBXFileReference; lastKnownFileType = sourcecode.swift; path = SwiftUI_POC2App.swift; sourceTree = "<group>"; };
		7A269CB529D9DC92005D84BF /* ContentView.swift */ = {isa = PBXFileReference; lastKnownFileType = sourcecode.swift; path = ContentView.swift; sourceTree = "<group>"; };
		7A269CB729D9DC93005D84BF /* Assets.xcassets */ = {isa = PBXFileReference; lastKnownFileType = folder.assetcatalog; path = Assets.xcassets; sourceTree = "<group>"; };
		7A269CBA29D9DC93005D84BF /* Preview Assets.xcassets */ = {isa = PBXFileReference; lastKnownFileType = folder.assetcatalog; path = "Preview Assets.xcassets"; sourceTree = "<group>"; };
		7A269CC029D9DC94005D84BF /* SwiftUI_POC2Tests.xctest */ = {isa = PBXFileReference; explicitFileType = wrapper.cfbundle; includeInIndex = 0; path = SwiftUI_POC2Tests.xctest; sourceTree = BUILT_PRODUCTS_DIR; };
		7A269CC429D9DC94005D84BF /* SwiftUI_POC2Tests.swift */ = {isa = PBXFileReference; lastKnownFileType = sourcecode.swift; path = SwiftUI_POC2Tests.swift; sourceTree = "<group>"; };
		7A269CCA29D9DC94005D84BF /* SwiftUI_POC2UITests.xctest */ = {isa = PBXFileReference; explicitFileType = wrapper.cfbundle; includeInIndex = 0; path = SwiftUI_POC2UITests.xctest; sourceTree = BUILT_PRODUCTS_DIR; };
		7A269CCE29D9DC94005D84BF /* SwiftUI_POC2UITests.swift */ = {isa = PBXFileReference; lastKnownFileType = sourcecode.swift; path = SwiftUI_POC2UITests.swift; sourceTree = "<group>"; };
		7A269CD029D9DC94005D84BF /* SwiftUI_POC2UITestsLaunchTests.swift */ = {isa = PBXFileReference; lastKnownFileType = sourcecode.swift; path = SwiftUI_POC2UITestsLaunchTests.swift; sourceTree = "<group>"; };
/* End PBXFileReference section */

/* Begin PBXFrameworksBuildPhase section */
		7A269CAD29D9DC92005D84BF /* Frameworks */ = {
			isa = PBXFrameworksBuildPhase;
			buildActionMask = 2147483647;
			files = (
				7A269CE329D9DCD5005D84BF /* RxSwift in Frameworks */,
				7A269CE129D9DCD5005D84BF /* RxRelay in Frameworks */,
				7A269CDF29D9DCD5005D84BF /* RxCocoa in Frameworks */,
			);
			runOnlyForDeploymentPostprocessing = 0;
		};
		7A269CBD29D9DC94005D84BF /* Frameworks */ = {
			isa = PBXFrameworksBuildPhase;
			buildActionMask = 2147483647;
			files = (
			);
			runOnlyForDeploymentPostprocessing = 0;
		};
		7A269CC729D9DC94005D84BF /* Frameworks */ = {
			isa = PBXFrameworksBuildPhase;
			buildActionMask = 2147483647;
			files = (
			);
			runOnlyForDeploymentPostprocessing = 0;
		};
/* End PBXFrameworksBuildPhase section */

/* Begin PBXGroup section */
		7A269CA729D9DC92005D84BF = {
			isa = PBXGroup;
			children = (
				7A269CB229D9DC92005D84BF /* SwiftUI_POC2 */,
				7A269CC329D9DC94005D84BF /* SwiftUI_POC2Tests */,
				7A269CCD29D9DC94005D84BF /* SwiftUI_POC2UITests */,
				7A269CB129D9DC92005D84BF /* Products */,
			);
			sourceTree = "<group>";
		};
		7A269CB129D9DC92005D84BF /* Products */ = {
			isa = PBXGroup;
			children = (
				7A269CB029D9DC92005D84BF /* SwiftUI_POC2.app */,
				7A269CC029D9DC94005D84BF /* SwiftUI_POC2Tests.xctest */,
				7A269CCA29D9DC94005D84BF /* SwiftUI_POC2UITests.xctest */,
			);
			name = Products;
			sourceTree = "<group>";
		};
		7A269CB229D9DC92005D84BF /* SwiftUI_POC2 */ = {
			isa = PBXGroup;
			children = (
				7A269CB329D9DC92005D84BF /* SwiftUI_POC2App.swift */,
				7A269CB529D9DC92005D84BF /* ContentView.swift */,
				7A269CB729D9DC93005D84BF /* Assets.xcassets */,
				7A269CB929D9DC93005D84BF /* Preview Content */,
			);
			path = SwiftUI_POC2;
			sourceTree = "<group>";
		};
		7A269CB929D9DC93005D84BF /* Preview Content */ = {
			isa = PBXGroup;
			children = (
				7A269CBA29D9DC93005D84BF /* Preview Assets.xcassets */,
			);
			path = "Preview Content";
			sourceTree = "<group>";
		};
		7A269CC329D9DC94005D84BF /* SwiftUI_POC2Tests */ = {
			isa = PBXGroup;
			children = (
				7A269CC429D9DC94005D84BF /* SwiftUI_POC2Tests.swift */,
			);
			path = SwiftUI_POC2Tests;
			sourceTree = "<group>";
		};
		7A269CCD29D9DC94005D84BF /* SwiftUI_POC2UITests */ = {
			isa = PBXGroup;
			children = (
				7A269CCE29D9DC94005D84BF /* SwiftUI_POC2UITests.swift */,
				7A269CD029D9DC94005D84BF /* SwiftUI_POC2UITestsLaunchTests.swift */,
			);
			path = SwiftUI_POC2UITests;
			sourceTree = "<group>";
		};
/* End PBXGroup section */

/* Begin PBXNativeTarget section */
		7A269CAF29D9DC92005D84BF /* SwiftUI_POC2 */ = {
			isa = PBXNativeTarget;
			buildConfigurationList = 7A269CD429D9DC94005D84BF /* Build configuration list for PBXNativeTarget "SwiftUI_POC2" */;
			buildPhases = (
				7A269CAC29D9DC92005D84BF /* Sources */,
				7A269CAD29D9DC92005D84BF /* Frameworks */,
				7A269CAE29D9DC92005D84BF /* Resources */,
			);
			buildRules = (
			);
			dependencies = (
			);
			name = SwiftUI_POC2;
			packageProductDependencies = (
				7A269CDE29D9DCD5005D84BF /* RxCocoa */,
				7A269CE029D9DCD5005D84BF /* RxRelay */,
				7A269CE229D9DCD5005D84BF /* RxSwift */,
			);
			productName = SwiftUI_POC2;
			productReference = 7A269CB029D9DC92005D84BF /* SwiftUI_POC2.app */;
			productType = "com.apple.product-type.application";
		};
		7A269CBF29D9DC94005D84BF /* SwiftUI_POC2Tests */ = {
			isa = PBXNativeTarget;
			buildConfigurationList = 7A269CD729D9DC94005D84BF /* Build configuration list for PBXNativeTarget "SwiftUI_POC2Tests" */;
			buildPhases = (
				7A269CBC29D9DC94005D84BF /* Sources */,
				7A269CBD29D9DC94005D84BF /* Frameworks */,
				7A269CBE29D9DC94005D84BF /* Resources */,
			);
			buildRules = (
			);
			dependencies = (
				7A269CC229D9DC94005D84BF /* PBXTargetDependency */,
			);
			name = SwiftUI_POC2Tests;
			productName = SwiftUI_POC2Tests;
			productReference = 7A269CC029D9DC94005D84BF /* SwiftUI_POC2Tests.xctest */;
			productType = "com.apple.product-type.bundle.unit-test";
		};
		7A269CC929D9DC94005D84BF /* SwiftUI_POC2UITests */ = {
			isa = PBXNativeTarget;
			buildConfigurationList = 7A269CDA29D9DC94005D84BF /* Build configuration list for PBXNativeTarget "SwiftUI_POC2UITests" */;
			buildPhases = (
				7A269CC629D9DC94005D84BF /* Sources */,
				7A269CC729D9DC94005D84BF /* Frameworks */,
				7A269CC829D9DC94005D84BF /* Resources */,
			);
			buildRules = (
			);
			dependencies = (
				7A269CCC29D9DC94005D84BF /* PBXTargetDependency */,
			);
			name = SwiftUI_POC2UITests;
			productName = SwiftUI_POC2UITests;
			productReference = 7A269CCA29D9DC94005D84BF /* SwiftUI_POC2UITests.xctest */;
			productType = "com.apple.product-type.bundle.ui-testing";
		};
/* End PBXNativeTarget section */

/* Begin PBXProject section */
		7A269CA829D9DC92005D84BF /* Project object */ = {
			isa = PBXProject;
			attributes = {
				BuildIndependentTargetsInParallel = 1;
				LastSwiftUpdateCheck = 1400;
				LastUpgradeCheck = 1400;
				TargetAttributes = {
					7A269CAF29D9DC92005D84BF = {
						CreatedOnToolsVersion = 14.0.1;
					};
					7A269CBF29D9DC94005D84BF = {
						CreatedOnToolsVersion = 14.0.1;
						TestTargetID = 7A269CAF29D9DC92005D84BF;
					};
					7A269CC929D9DC94005D84BF = {
						CreatedOnToolsVersion = 14.0.1;
						TestTargetID = 7A269CAF29D9DC92005D84BF;
					};
				};
			};
			buildConfigurationList = 7A269CAB29D9DC92005D84BF /* Build configuration list for PBXProject "SwiftUI_POC2" */;
			compatibilityVersion = "Xcode 14.0";
			developmentRegion = en;
			hasScannedForEncodings = 0;
			knownRegions = (
				en,
				Base,
			);
			mainGroup = 7A269CA729D9DC92005D84BF;
			packageReferences = (
				7A269CDD29D9DCD5005D84BF /* XCRemoteSwiftPackageReference "RxSwift" */,
			);
			productRefGroup = 7A269CB129D9DC92005D84BF /* Products */;
			projectDirPath = "";
			projectRoot = "";
			targets = (
				7A269CAF29D9DC92005D84BF /* SwiftUI_POC2 */,
				7A269CBF29D9DC94005D84BF /* SwiftUI_POC2Tests */,
				7A269CC929D9DC94005D84BF /* SwiftUI_POC2UITests */,
			);
		};
/* End PBXProject section */

/* Begin PBXResourcesBuildPhase section */
		7A269CAE29D9DC92005D84BF /* Resources */ = {
			isa = PBXResourcesBuildPhase;
			buildActionMask = 2147483647;
			files = (
				7A269CBB29D9DC93005D84BF /* Preview Assets.xcassets in Resources */,
				7A269CB829D9DC93005D84BF /* Assets.xcassets in Resources */,
			);
			runOnlyForDeploymentPostprocessing = 0;
		};
		7A269CBE29D9DC94005D84BF /* Resources */ = {
			isa = PBXResourcesBuildPhase;
			buildActionMask = 2147483647;
			files = (
			);
			runOnlyForDeploymentPostprocessing = 0;
		};
		7A269CC829D9DC94005D84BF /* Resources */ = {
			isa = PBXResourcesBuildPhase;
			buildActionMask = 2147483647;
			files = (
			);
			runOnlyForDeploymentPostprocessing = 0;
		};
/* End PBXResourcesBuildPhase section */

/* Begin PBXSourcesBuildPhase section */
		7A269CAC29D9DC92005D84BF /* Sources */ = {
			isa = PBXSourcesBuildPhase;
			buildActionMask = 2147483647;
			files = (
				7A269CB629D9DC92005D84BF /* ContentView.swift in Sources */,
				7A269CB429D9DC92005D84BF /* SwiftUI_POC2App.swift in Sources */,
			);
			runOnlyForDeploymentPostprocessing = 0;
		};
		7A269CBC29D9DC94005D84BF /* Sources */ = {
			isa = PBXSourcesBuildPhase;
			buildActionMask = 2147483647;
			files = (
				7A269CC529D9DC94005D84BF /* SwiftUI_POC2Tests.swift in Sources */,
			);
			runOnlyForDeploymentPostprocessing = 0;
		};
		7A269CC629D9DC94005D84BF /* Sources */ = {
			isa = PBXSourcesBuildPhase;
			buildActionMask = 2147483647;
			files = (
				7A269CD129D9DC94005D84BF /* SwiftUI_POC2UITestsLaunchTests.swift in Sources */,
				7A269CCF29D9DC94005D84BF /* SwiftUI_POC2UITests.swift in Sources */,
			);
			runOnlyForDeploymentPostprocessing = 0;
		};
/* End PBXSourcesBuildPhase section */

/* Begin PBXTargetDependency section */
		7A269CC229D9DC94005D84BF /* PBXTargetDependency */ = {
			isa = PBXTargetDependency;
			target = 7A269CAF29D9DC92005D84BF /* SwiftUI_POC2 */;
			targetProxy = 7A269CC129D9DC94005D84BF /* PBXContainerItemProxy */;
		};
		7A269CCC29D9DC94005D84BF /* PBXTargetDependency */ = {
			isa = PBXTargetDependency;
			target = 7A269CAF29D9DC92005D84BF /* SwiftUI_POC2 */;
			targetProxy = 7A269CCB29D9DC94005D84BF /* PBXContainerItemProxy */;
		};
/* End PBXTargetDependency section */

/* Begin XCBuildConfiguration section */
		7A269CD229D9DC94005D84BF /* Debug */ = {
			isa = XCBuildConfiguration;
			buildSettings = {
				ALWAYS_SEARCH_USER_PATHS = NO;
				CLANG_ANALYZER_NONNULL = YES;
				CLANG_ANALYZER_NUMBER_OBJECT_CONVERSION = YES_AGGRESSIVE;
				CLANG_CXX_LANGUAGE_STANDARD = "gnu++20";
				CLANG_ENABLE_MODULES = YES;
				CLANG_ENABLE_OBJC_ARC = YES;
				CLANG_ENABLE_OBJC_WEAK = YES;
				CLANG_WARN_BLOCK_CAPTURE_AUTORELEASING = YES;
				CLANG_WARN_BOOL_CONVERSION = YES;
				CLANG_WARN_COMMA = YES;
				CLANG_WARN_CONSTANT_CONVERSION = YES;
				CLANG_WARN_DEPRECATED_OBJC_IMPLEMENTATIONS = YES;
				CLANG_WARN_DIRECT_OBJC_ISA_USAGE = YES_ERROR;
				CLANG_WARN_DOCUMENTATION_COMMENTS = YES;
				CLANG_WARN_EMPTY_BODY = YES;
				CLANG_WARN_ENUM_CONVERSION = YES;
				CLANG_WARN_INFINITE_RECURSION = YES;
				CLANG_WARN_INT_CONVERSION = YES;
				CLANG_WARN_NON_LITERAL_NULL_CONVERSION = YES;
				CLANG_WARN_OBJC_IMPLICIT_RETAIN_SELF = YES;
				CLANG_WARN_OBJC_LITERAL_CONVERSION = YES;
				CLANG_WARN_OBJC_ROOT_CLASS = YES_ERROR;
				CLANG_WARN_QUOTED_INCLUDE_IN_FRAMEWORK_HEADER = YES;
				CLANG_WARN_RANGE_LOOP_ANALYSIS = YES;
				CLANG_WARN_STRICT_PROTOTYPES = YES;
				CLANG_WARN_SUSPICIOUS_MOVE = YES;
				CLANG_WARN_UNGUARDED_AVAILABILITY = YES_AGGRESSIVE;
				CLANG_WARN_UNREACHABLE_CODE = YES;
				CLANG_WARN__DUPLICATE_METHOD_MATCH = YES;
				COPY_PHASE_STRIP = NO;
				DEBUG_INFORMATION_FORMAT = dwarf;
				ENABLE_STRICT_OBJC_MSGSEND = YES;
				ENABLE_TESTABILITY = YES;
				GCC_C_LANGUAGE_STANDARD = gnu11;
				GCC_DYNAMIC_NO_PIC = NO;
				GCC_NO_COMMON_BLOCKS = YES;
				GCC_OPTIMIZATION_LEVEL = 0;
				GCC_PREPROCESSOR_DEFINITIONS = (
					"DEBUG=1",
					"$(inherited)",
				);
				GCC_WARN_64_TO_32_BIT_CONVERSION = YES;
				GCC_WARN_ABOUT_RETURN_TYPE = YES_ERROR;
				GCC_WARN_UNDECLARED_SELECTOR = YES;
				GCC_WARN_UNINITIALIZED_AUTOS = YES_AGGRESSIVE;
				GCC_WARN_UNUSED_FUNCTION = YES;
				GCC_WARN_UNUSED_VARIABLE = YES;
				IPHONEOS_DEPLOYMENT_TARGET = 16.0;
				MTL_ENABLE_DEBUG_INFO = INCLUDE_SOURCE;
				MTL_FAST_MATH = YES;
				ONLY_ACTIVE_ARCH = YES;
				SDKROOT = iphoneos;
				SWIFT_ACTIVE_COMPILATION_CONDITIONS = DEBUG;
				SWIFT_OPTIMIZATION_LEVEL = "-Onone";
			};
			name = Debug;
		};
		7A269CD329D9DC94005D84BF /* Release */ = {
			isa = XCBuildConfiguration;
			buildSettings = {
				ALWAYS_SEARCH_USER_PATHS = NO;
				CLANG_ANALYZER_NONNULL = YES;
				CLANG_ANALYZER_NUMBER_OBJECT_CONVERSION = YES_AGGRESSIVE;
				CLANG_CXX_LANGUAGE_STANDARD = "gnu++20";
				CLANG_ENABLE_MODULES = YES;
				CLANG_ENABLE_OBJC_ARC = YES;
				CLANG_ENABLE_OBJC_WEAK = YES;
				CLANG_WARN_BLOCK_CAPTURE_AUTORELEASING = YES;
				CLANG_WARN_BOOL_CONVERSION = YES;
				CLANG_WARN_COMMA = YES;
				CLANG_WARN_CONSTANT_CONVERSION = YES;
				CLANG_WARN_DEPRECATED_OBJC_IMPLEMENTATIONS = YES;
				CLANG_WARN_DIRECT_OBJC_ISA_USAGE = YES_ERROR;
				CLANG_WARN_DOCUMENTATION_COMMENTS = YES;
				CLANG_WARN_EMPTY_BODY = YES;
				CLANG_WARN_ENUM_CONVERSION = YES;
				CLANG_WARN_INFINITE_RECURSION = YES;
				CLANG_WARN_INT_CONVERSION = YES;
				CLANG_WARN_NON_LITERAL_NULL_CONVERSION = YES;
				CLANG_WARN_OBJC_IMPLICIT_RETAIN_SELF = YES;
				CLANG_WARN_OBJC_LITERAL_CONVERSION = YES;
				CLANG_WARN_OBJC_ROOT_CLASS = YES_ERROR;
				CLANG_WARN_QUOTED_INCLUDE_IN_FRAMEWORK_HEADER = YES;
				CLANG_WARN_RANGE_LOOP_ANALYSIS = YES;
				CLANG_WARN_STRICT_PROTOTYPES = YES;
				CLANG_WARN_SUSPICIOUS_MOVE = YES;
				CLANG_WARN_UNGUARDED_AVAILABILITY = YES_AGGRESSIVE;
				CLANG_WARN_UNREACHABLE_CODE = YES;
				CLANG_WARN__DUPLICATE_METHOD_MATCH = YES;
				COPY_PHASE_STRIP = NO;
				DEBUG_INFORMATION_FORMAT = "dwarf-with-dsym";
				ENABLE_NS_ASSERTIONS = NO;
				ENABLE_STRICT_OBJC_MSGSEND = YES;
				GCC_C_LANGUAGE_STANDARD = gnu11;
				GCC_NO_COMMON_BLOCKS = YES;
				GCC_WARN_64_TO_32_BIT_CONVERSION = YES;
				GCC_WARN_ABOUT_RETURN_TYPE = YES_ERROR;
				GCC_WARN_UNDECLARED_SELECTOR = YES;
				GCC_WARN_UNINITIALIZED_AUTOS = YES_AGGRESSIVE;
				GCC_WARN_UNUSED_FUNCTION = YES;
				GCC_WARN_UNUSED_VARIABLE = YES;
				IPHONEOS_DEPLOYMENT_TARGET = 16.0;
				MTL_ENABLE_DEBUG_INFO = NO;
				MTL_FAST_MATH = YES;
				SDKROOT = iphoneos;
				SWIFT_COMPILATION_MODE = wholemodule;
				SWIFT_OPTIMIZATION_LEVEL = "-O";
				VALIDATE_PRODUCT = YES;
			};
			name = Release;
		};
		7A269CD529D9DC94005D84BF /* Debug */ = {
			isa = XCBuildConfiguration;
			buildSettings = {
				ASSETCATALOG_COMPILER_APPICON_NAME = AppIcon;
				ASSETCATALOG_COMPILER_GLOBAL_ACCENT_COLOR_NAME = AccentColor;
				CODE_SIGN_STYLE = Automatic;
				CURRENT_PROJECT_VERSION = 1;
				DEVELOPMENT_ASSET_PATHS = "\"SwiftUI_POC2/Preview Content\"";
				ENABLE_PREVIEWS = YES;
				GENERATE_INFOPLIST_FILE = YES;
				INFOPLIST_KEY_UIApplicationSceneManifest_Generation = YES;
				INFOPLIST_KEY_UIApplicationSupportsIndirectInputEvents = YES;
				INFOPLIST_KEY_UILaunchScreen_Generation = YES;
				INFOPLIST_KEY_UISupportedInterfaceOrientations_iPad = "UIInterfaceOrientationPortrait UIInterfaceOrientationPortraitUpsideDown UIInterfaceOrientationLandscapeLeft UIInterfaceOrientationLandscapeRight";
				INFOPLIST_KEY_UISupportedInterfaceOrientations_iPhone = "UIInterfaceOrientationPortrait UIInterfaceOrientationLandscapeLeft UIInterfaceOrientationLandscapeRight";
				LD_RUNPATH_SEARCH_PATHS = (
					"$(inherited)",
					"@executable_path/Frameworks",
				);
				MARKETING_VERSION = 1.0;
				PRODUCT_BUNDLE_IDENTIFIER = "com.oum.SwiftUI-POC2";
				PRODUCT_NAME = "$(TARGET_NAME)";
				SWIFT_EMIT_LOC_STRINGS = YES;
				SWIFT_VERSION = 5.0;
				TARGETED_DEVICE_FAMILY = "1,2";
			};
			name = Debug;
		};
		7A269CD629D9DC94005D84BF /* Release */ = {
			isa = XCBuildConfiguration;
			buildSettings = {
				ASSETCATALOG_COMPILER_APPICON_NAME = AppIcon;
				ASSETCATALOG_COMPILER_GLOBAL_ACCENT_COLOR_NAME = AccentColor;
				CODE_SIGN_STYLE = Automatic;
				CURRENT_PROJECT_VERSION = 1;
				DEVELOPMENT_ASSET_PATHS = "\"SwiftUI_POC2/Preview Content\"";
				ENABLE_PREVIEWS = YES;
				GENERATE_INFOPLIST_FILE = YES;
				INFOPLIST_KEY_UIApplicationSceneManifest_Generation = YES;
				INFOPLIST_KEY_UIApplicationSupportsIndirectInputEvents = YES;
				INFOPLIST_KEY_UILaunchScreen_Generation = YES;
				INFOPLIST_KEY_UISupportedInterfaceOrientations_iPad = "UIInterfaceOrientationPortrait UIInterfaceOrientationPortraitUpsideDown UIInterfaceOrientationLandscapeLeft UIInterfaceOrientationLandscapeRight";
				INFOPLIST_KEY_UISupportedInterfaceOrientations_iPhone = "UIInterfaceOrientationPortrait UIInterfaceOrientationLandscapeLeft UIInterfaceOrientationLandscapeRight";
				LD_RUNPATH_SEARCH_PATHS = (
					"$(inherited)",
					"@executable_path/Frameworks",
				);
				MARKETING_VERSION = 1.0;
				PRODUCT_BUNDLE_IDENTIFIER = "com.oum.SwiftUI-POC2";
				PRODUCT_NAME = "$(TARGET_NAME)";
				SWIFT_EMIT_LOC_STRINGS = YES;
				SWIFT_VERSION = 5.0;
				TARGETED_DEVICE_FAMILY = "1,2";
			};
			name = Release;
		};
		7A269CD829D9DC94005D84BF /* Debug */ = {
			isa = XCBuildConfiguration;
			buildSettings = {
				ALWAYS_EMBED_SWIFT_STANDARD_LIBRARIES = YES;
				BUNDLE_LOADER = "$(TEST_HOST)";
				CODE_SIGN_STYLE = Automatic;
				CURRENT_PROJECT_VERSION = 1;
				GENERATE_INFOPLIST_FILE = YES;
				IPHONEOS_DEPLOYMENT_TARGET = 16.0;
				MARKETING_VERSION = 1.0;
				PRODUCT_BUNDLE_IDENTIFIER = "com.oum.SwiftUI-POC2Tests";
				PRODUCT_NAME = "$(TARGET_NAME)";
				SWIFT_EMIT_LOC_STRINGS = NO;
				SWIFT_VERSION = 5.0;
				TARGETED_DEVICE_FAMILY = "1,2";
				TEST_HOST = "$(BUILT_PRODUCTS_DIR)/SwiftUI_POC2.app/$(BUNDLE_EXECUTABLE_FOLDER_PATH)/SwiftUI_POC2";
			};
			name = Debug;
		};
		7A269CD929D9DC94005D84BF /* Release */ = {
			isa = XCBuildConfiguration;
			buildSettings = {
				ALWAYS_EMBED_SWIFT_STANDARD_LIBRARIES = YES;
				BUNDLE_LOADER = "$(TEST_HOST)";
				CODE_SIGN_STYLE = Automatic;
				CURRENT_PROJECT_VERSION = 1;
				GENERATE_INFOPLIST_FILE = YES;
				IPHONEOS_DEPLOYMENT_TARGET = 16.0;
				MARKETING_VERSION = 1.0;
				PRODUCT_BUNDLE_IDENTIFIER = "com.oum.SwiftUI-POC2Tests";
				PRODUCT_NAME = "$(TARGET_NAME)";
				SWIFT_EMIT_LOC_STRINGS = NO;
				SWIFT_VERSION = 5.0;
				TARGETED_DEVICE_FAMILY = "1,2";
				TEST_HOST = "$(BUILT_PRODUCTS_DIR)/SwiftUI_POC2.app/$(BUNDLE_EXECUTABLE_FOLDER_PATH)/SwiftUI_POC2";
			};
			name = Release;
		};
		7A269CDB29D9DC94005D84BF /* Debug */ = {
			isa = XCBuildConfiguration;
			buildSettings = {
				ALWAYS_EMBED_SWIFT_STANDARD_LIBRARIES = YES;
				CODE_SIGN_STYLE = Automatic;
				CURRENT_PROJECT_VERSION = 1;
				GENERATE_INFOPLIST_FILE = YES;
				MARKETING_VERSION = 1.0;
				PRODUCT_BUNDLE_IDENTIFIER = "com.oum.SwiftUI-POC2UITests";
				PRODUCT_NAME = "$(TARGET_NAME)";
				SWIFT_EMIT_LOC_STRINGS = NO;
				SWIFT_VERSION = 5.0;
				TARGETED_DEVICE_FAMILY = "1,2";
				TEST_TARGET_NAME = SwiftUI_POC2;
			};
			name = Debug;
		};
		7A269CDC29D9DC94005D84BF /* Release */ = {
			isa = XCBuildConfiguration;
			buildSettings = {
				ALWAYS_EMBED_SWIFT_STANDARD_LIBRARIES = YES;
				CODE_SIGN_STYLE = Automatic;
				CURRENT_PROJECT_VERSION = 1;
				GENERATE_INFOPLIST_FILE = YES;
				MARKETING_VERSION = 1.0;
				PRODUCT_BUNDLE_IDENTIFIER = "com.oum.SwiftUI-POC2UITests";
				PRODUCT_NAME = "$(TARGET_NAME)";
				SWIFT_EMIT_LOC_STRINGS = NO;
				SWIFT_VERSION = 5.0;
				TARGETED_DEVICE_FAMILY = "1,2";
				TEST_TARGET_NAME = SwiftUI_POC2;
			};
			name = Release;
		};
/* End XCBuildConfiguration section */

/* Begin XCConfigurationList section */
		7A269CAB29D9DC92005D84BF /* Build configuration list for PBXProject "SwiftUI_POC2" */ = {
			isa = XCConfigurationList;
			buildConfigurations = (
				7A269CD229D9DC94005D84BF /* Debug */,
				7A269CD329D9DC94005D84BF /* Release */,
			);
			defaultConfigurationIsVisible = 0;
			defaultConfigurationName = Release;
		};
		7A269CD429D9DC94005D84BF /* Build configuration list for PBXNativeTarget "SwiftUI_POC2" */ = {
			isa = XCConfigurationList;
			buildConfigurations = (
				7A269CD529D9DC94005D84BF /* Debug */,
				7A269CD629D9DC94005D84BF /* Release */,
			);
			defaultConfigurationIsVisible = 0;
			defaultConfigurationName = Release;
		};
		7A269CD729D9DC94005D84BF /* Build configuration list for PBXNativeTarget "SwiftUI_POC2Tests" */ = {
			isa = XCConfigurationList;
			buildConfigurations = (
				7A269CD829D9DC94005D84BF /* Debug */,
				7A269CD929D9DC94005D84BF /* Release */,
			);
			defaultConfigurationIsVisible = 0;
			defaultConfigurationName = Release;
		};
		7A269CDA29D9DC94005D84BF /* Build configuration list for PBXNativeTarget "SwiftUI_POC2UITests" */ = {
			isa = XCConfigurationList;
			buildConfigurations = (
				7A269CDB29D9DC94005D84BF /* Debug */,
				7A269CDC29D9DC94005D84BF /* Release */,
			);
			defaultConfigurationIsVisible = 0;
			defaultConfigurationName = Release;
		};
/* End XCConfigurationList section */

/* Begin XCRemoteSwiftPackageReference section */
		7A269CDD29D9DCD5005D84BF /* XCRemoteSwiftPackageReference "RxSwift" */ = {
			isa = XCRemoteSwiftPackageReference;
			repositoryURL = "https://github.com/ReactiveX/RxSwift.git";
			requirement = {
				branch = main;
				kind = branch;
			};
		};
/* End XCRemoteSwiftPackageReference section */

/* Begin XCSwiftPackageProductDependency section */
		7A269CDE29D9DCD5005D84BF /* RxCocoa */ = {
			isa = XCSwiftPackageProductDependency;
			package = 7A269CDD29D9DCD5005D84BF /* XCRemoteSwiftPackageReference "RxSwift" */;
			productName = RxCocoa;
		};
		7A269CE029D9DCD5005D84BF /* RxRelay */ = {
			isa = XCSwiftPackageProductDependency;
			package = 7A269CDD29D9DCD5005D84BF /* XCRemoteSwiftPackageReference "RxSwift" */;
			productName = RxRelay;
		};
		7A269CE229D9DCD5005D84BF /* RxSwift */ = {
			isa = XCSwiftPackageProductDependency;
			package = 7A269CDD29D9DCD5005D84BF /* XCRemoteSwiftPackageReference "RxSwift" */;
			productName = RxSwift;
		};
/* End XCSwiftPackageProductDependency section */
	};
	rootObject = 7A269CA829D9DC92005D84BF /* Project object */;
}
