// !$*UTF8*$!
{
	archiveVersion = 1;
	classes = {
	};
	objectVersion = 56;
	objects = {

/* Begin PBXBuildFile section */
		7A269CB429D9DC92005D84BF /* SwiftUI_POC2App.swift in Sources */ = {isa = PBXBuildFile; fileRef = 7A269CB329D9DC92005D84BF /* SwiftUI_POC2App.swift */; };
		7A269CB629D9DC92005D84BF /* ContentView.swift in Sources */ = {isa = PBXBuildFile; fileRef = 7A269CB529D9DC92005D84BF /* ContentView.swift */; };
		7A269CB829D9DC93005D84BF /* Assets.xcassets in Resources */ = {isa = PBXBuildFile; fileRef = 7A269CB729D9DC93005D84BF /* Assets.xcassets */; };
		7A269CBB29D9DC93005D84BF /* Preview Assets.xcassets in Resources */ = {isa = PBXBuildFile; fileRef = 7A269CBA29D9DC93005D84BF /* Preview Assets.xcassets */; };
		7A269CC529D9DC94005D84BF /* SwiftUI_POC2Tests.swift in Sources */ = {isa = PBXBuildFile; fileRef = 7A269CC429D9DC94005D84BF /* SwiftUI_POC2Tests.swift */; };
		7A269CCF29D9DC94005D84BF /* SwiftUI_POC2UITests.swift in Sources */ = {isa = PBXBuildFile; fileRef = 7A269CCE29D9DC94005D84BF /* SwiftUI_POC2UITests.swift */; };
		7A269CD129D9DC94005D84BF /* SwiftUI_POC2UITestsLaunchTests.swift in Sources */ = {isa = PBXBuildFile; fileRef = 7A269CD029D9DC94005D84BF /* SwiftUI_POC2UITestsLaunchTests.swift */; };
		7A269CEB29D9DE30005D84BF /* DSTV_UIApp.swift in Sources */ = {isa = PBXBuildFile; fileRef = 7A269CEA29D9DE30005D84BF /* DSTV_UIApp.swift */; };
		7A269CED29D9DE30005D84BF /* ContentView.swift in Sources */ = {isa = PBXBuildFile; fileRef = 7A269CEC29D9DE30005D84BF /* ContentView.swift */; };
		7A269CEF29D9DE32005D84BF /* Assets.xcassets in Resources */ = {isa = PBXBuildFile; fileRef = 7A269CEE29D9DE32005D84BF /* Assets.xcassets */; };
		7A269CF229D9DE32005D84BF /* Preview Assets.xcassets in Resources */ = {isa = PBXBuildFile; fileRef = 7A269CF129D9DE32005D84BF /* Preview Assets.xcassets */; };
		7A269CFC29D9DE32005D84BF /* DSTV_UITests.swift in Sources */ = {isa = PBXBuildFile; fileRef = 7A269CFB29D9DE32005D84BF /* DSTV_UITests.swift */; };
		7A269D0629D9DE33005D84BF /* DSTV_UIUITests.swift in Sources */ = {isa = PBXBuildFile; fileRef = 7A269D0529D9DE33005D84BF /* DSTV_UIUITests.swift */; };
		7A269D0829D9DE33005D84BF /* DSTV_UIUITestsLaunchTests.swift in Sources */ = {isa = PBXBuildFile; fileRef = 7A269D0729D9DE33005D84BF /* DSTV_UIUITestsLaunchTests.swift */; };
		7A269D3D29D9E031005D84BF /* ChannelMainView.swift in Sources */ = {isa = PBXBuildFile; fileRef = 7A269D3B29D9E031005D84BF /* ChannelMainView.swift */; };
		7A269D3E29D9E031005D84BF /* ChannelViewModel.swift in Sources */ = {isa = PBXBuildFile; fileRef = 7A269D3C29D9E031005D84BF /* ChannelViewModel.swift */; };
		7A269D4129D9E03C005D84BF /* KidsViewModel.swift in Sources */ = {isa = PBXBuildFile; fileRef = 7A269D3F29D9E03C005D84BF /* KidsViewModel.swift */; };
		7A269D4229D9E03C005D84BF /* KidsView.swift in Sources */ = {isa = PBXBuildFile; fileRef = 7A269D4029D9E03C005D84BF /* KidsView.swift */; };
		7A269D4529D9E050005D84BF /* Models.swift in Sources */ = {isa = PBXBuildFile; fileRef = 7A269D4429D9E050005D84BF /* Models.swift */; };
		7A269D4729D9E05D005D84BF /* MoviesMainView.swift in Sources */ = {isa = PBXBuildFile; fileRef = 7A269D4629D9E05D005D84BF /* MoviesMainView.swift */; };
		7A269D4A29D9E068005D84BF /* MyListViewModel.swift in Sources */ = {isa = PBXBuildFile; fileRef = 7A269D4829D9E068005D84BF /* MyListViewModel.swift */; };
		7A269D4B29D9E068005D84BF /* MyListView.swift in Sources */ = {isa = PBXBuildFile; fileRef = 7A269D4929D9E068005D84BF /* MyListView.swift */; };
		7A269D4D29D9E077005D84BF /* SearchView.swift in Sources */ = {isa = PBXBuildFile; fileRef = 7A269D4C29D9E077005D84BF /* SearchView.swift */; };
		7A269D5029D9E088005D84BF /* SettingViewModel.swift in Sources */ = {isa = PBXBuildFile; fileRef = 7A269D4E29D9E088005D84BF /* SettingViewModel.swift */; };
		7A269D5129D9E088005D84BF /* SettingMainView.swift in Sources */ = {isa = PBXBuildFile; fileRef = 7A269D4F29D9E088005D84BF /* SettingMainView.swift */; };
		7A269D5529D9E0A6005D84BF /* SportsViewModel.swift in Sources */ = {isa = PBXBuildFile; fileRef = 7A269D5329D9E0A6005D84BF /* SportsViewModel.swift */; };
		7A269D5629D9E0A6005D84BF /* SportsView.swift in Sources */ = {isa = PBXBuildFile; fileRef = 7A269D5429D9E0A6005D84BF /* SportsView.swift */; };
		7A269D5829D9E0BD005D84BF /* TvShowView.swift in Sources */ = {isa = PBXBuildFile; fileRef = 7A269D5729D9E0BD005D84BF /* TvShowView.swift */; };
		7A269D5B29D9E0E3005D84BF /* MovieViewTV.swift in Sources */ = {isa = PBXBuildFile; fileRef = 7A269D5929D9E0E3005D84BF /* MovieViewTV.swift */; };
		7A269D5C29D9E0E3005D84BF /* MovieItemView.swift in Sources */ = {isa = PBXBuildFile; fileRef = 7A269D5A29D9E0E3005D84BF /* MovieItemView.swift */; };
		7A269D5E29D9E0F0005D84BF /* LiveTVView.swift in Sources */ = {isa = PBXBuildFile; fileRef = 7A269D5D29D9E0F0005D84BF /* LiveTVView.swift */; };
		7A269D6129D9E101005D84BF /* ChannelProgramView.swift in Sources */ = {isa = PBXBuildFile; fileRef = 7A269D5F29D9E101005D84BF /* ChannelProgramView.swift */; };
		7A269D6229D9E101005D84BF /* CustomFocusedButton.swift in Sources */ = {isa = PBXBuildFile; fileRef = 7A269D6029D9E101005D84BF /* CustomFocusedButton.swift */; };
		7A269D6429D9E115005D84BF /* HomeViewModel.swift in Sources */ = {isa = PBXBuildFile; fileRef = 7A269D6329D9E115005D84BF /* HomeViewModel.swift */; };
		7A269D6629D9E11F005D84BF /* HorizontalTVCell.swift in Sources */ = {isa = PBXBuildFile; fileRef = 7A269D6529D9E11F005D84BF /* HorizontalTVCell.swift */; };
		7A269D6D29D9E137005D84BF /* ListModifier.swift in Sources */ = {isa = PBXBuildFile; fileRef = 7A269D6729D9E137005D84BF /* ListModifier.swift */; };
		7A269D6E29D9E137005D84BF /* Constants.swift in Sources */ = {isa = PBXBuildFile; fileRef = 7A269D6829D9E137005D84BF /* Constants.swift */; };
		7A269D6F29D9E137005D84BF /* Color.swift in Sources */ = {isa = PBXBuildFile; fileRef = 7A269D6929D9E137005D84BF /* Color.swift */; };
		7A269D7029D9E137005D84BF /* NavigationModifier.swift in Sources */ = {isa = PBXBuildFile; fileRef = 7A269D6A29D9E137005D84BF /* NavigationModifier.swift */; };
		7A269D7129D9E137005D84BF /* Protocols.swift in Sources */ = {isa = PBXBuildFile; fileRef = 7A269D6B29D9E137005D84BF /* Protocols.swift */; };
		7A269D7229D9E137005D84BF /* TabModifier.swift in Sources */ = {isa = PBXBuildFile; fileRef = 7A269D6C29D9E137005D84BF /* TabModifier.swift */; };
		7A269D7429D9E179005D84BF /* LiveTVViewModal.swift in Sources */ = {isa = PBXBuildFile; fileRef = 7A269D7329D9E179005D84BF /* LiveTVViewModal.swift */; };
		7A269D7629D9E186005D84BF /* ModelData.swift in Sources */ = {isa = PBXBuildFile; fileRef = 7A269D7529D9E186005D84BF /* ModelData.swift */; };
		7A269D7829D9E196005D84BF /* PlayerViewModal.swift in Sources */ = {isa = PBXBuildFile; fileRef = 7A269D7729D9E196005D84BF /* PlayerViewModal.swift */; };
		7A269D7B29D9E1A4005D84BF /* SettingViewModal.swift in Sources */ = {isa = PBXBuildFile; fileRef = 7A269D7929D9E1A4005D84BF /* SettingViewModal.swift */; };
		7A269D7C29D9E1A4005D84BF /* SettingDetailViewModal.swift in Sources */ = {isa = PBXBuildFile; fileRef = 7A269D7A29D9E1A4005D84BF /* SettingDetailViewModal.swift */; };
		7A269D7F29D9E1BD005D84BF /* CatchUpViewModel.swift in Sources */ = {isa = PBXBuildFile; fileRef = 7A269D7D29D9E1BD005D84BF /* CatchUpViewModel.swift */; };
		7A269D8029D9E1BD005D84BF /* DownloadViewModel.swift in Sources */ = {isa = PBXBuildFile; fileRef = 7A269D7E29D9E1BD005D84BF /* DownloadViewModel.swift */; };
		7AE1D87A29DACEEC001E4DF7 /* MoreView.swift in Sources */ = {isa = PBXBuildFile; fileRef = 7AE1D87129DACEEB001E4DF7 /* MoreView.swift */; };
		7AE1D87B29DACEEC001E4DF7 /* CollectionView.swift in Sources */ = {isa = PBXBuildFile; fileRef = 7AE1D87229DACEEB001E4DF7 /* CollectionView.swift */; };
		7AE1D87C29DACEEC001E4DF7 /* CustomText.swift in Sources */ = {isa = PBXBuildFile; fileRef = 7AE1D87329DACEEC001E4DF7 /* CustomText.swift */; };
		7AE1D87D29DACEEC001E4DF7 /* PlayerView.swift in Sources */ = {isa = PBXBuildFile; fileRef = 7AE1D87429DACEEC001E4DF7 /* PlayerView.swift */; };
		7AE1D87E29DACEEC001E4DF7 /* ItemData.swift in Sources */ = {isa = PBXBuildFile; fileRef = 7AE1D87529DACEEC001E4DF7 /* ItemData.swift */; };
		7AE1D87F29DACEEC001E4DF7 /* NavigationBar.swift in Sources */ = {isa = PBXBuildFile; fileRef = 7AE1D87629DACEEC001E4DF7 /* NavigationBar.swift */; };
		7AE1D88029DACEEC001E4DF7 /* ProfileView.swift in Sources */ = {isa = PBXBuildFile; fileRef = 7AE1D87729DACEEC001E4DF7 /* ProfileView.swift */; };
		7AE1D88129DACEEC001E4DF7 /* SegmentPicker.swift in Sources */ = {isa = PBXBuildFile; fileRef = 7AE1D87829DACEEC001E4DF7 /* SegmentPicker.swift */; };
		7AE1D88229DACEEC001E4DF7 /* SettingToggleView.swift in Sources */ = {isa = PBXBuildFile; fileRef = 7AE1D87929DACEEC001E4DF7 /* SettingToggleView.swift */; };
		7AE1D88429DACF31001E4DF7 /* DataModel.swift in Sources */ = {isa = PBXBuildFile; fileRef = 7AE1D88329DACF31001E4DF7 /* DataModel.swift */; };
		7AE1D88729DAD288001E4DF7 /* RxCocoa in Frameworks */ = {isa = PBXBuildFile; productRef = 7AE1D88629DAD288001E4DF7 /* RxCocoa */; };
		7AE1D88929DAD288001E4DF7 /* RxRelay in Frameworks */ = {isa = PBXBuildFile; productRef = 7AE1D88829DAD288001E4DF7 /* RxRelay */; };
		7AE1D88B29DAD288001E4DF7 /* RxSwift in Frameworks */ = {isa = PBXBuildFile; productRef = 7AE1D88A29DAD288001E4DF7 /* RxSwift */; };
		7AE1D88E29DAD39F001E4DF7 /* APIManager.swift in Sources */ = {isa = PBXBuildFile; fileRef = 7AE1D88D29DAD39F001E4DF7 /* APIManager.swift */; };
		7AE1D89029DAD464001E4DF7 /* CombineViewModal.swift in Sources */ = {isa = PBXBuildFile; fileRef = 7AE1D88F29DAD464001E4DF7 /* CombineViewModal.swift */; };
		7AE1D89329DAD802001E4DF7 /* Alamofire in Frameworks */ = {isa = PBXBuildFile; productRef = 7AE1D89229DAD802001E4DF7 /* Alamofire */; };
		7AE1D89629DAD8DF001E4DF7 /* Alamofire in Frameworks */ = {isa = PBXBuildFile; productRef = 7AE1D89529DAD8DF001E4DF7 /* Alamofire */; };
		7AE1D89829DAD94C001E4DF7 /* APIConfiguration.swift in Sources */ = {isa = PBXBuildFile; fileRef = 7AE1D89729DAD94C001E4DF7 /* APIConfiguration.swift */; };
		7AE1D89A29DAD989001E4DF7 /* NetworkManager.swift in Sources */ = {isa = PBXBuildFile; fileRef = 7AE1D89929DAD989001E4DF7 /* NetworkManager.swift */; };
		7AE1D89C29DAD9B1001E4DF7 /* APIConstant.swift in Sources */ = {isa = PBXBuildFile; fileRef = 7AE1D89B29DAD9B1001E4DF7 /* APIConstant.swift */; };
		7AE1D89E29DADAAE001E4DF7 /* Employee.swift in Sources */ = {isa = PBXBuildFile; fileRef = 7AE1D89D29DADAAE001E4DF7 /* Employee.swift */; };
/* End PBXBuildFile section */

/* Begin PBXContainerItemProxy section */
		7A269CC129D9DC94005D84BF /* PBXContainerItemProxy */ = {
			isa = PBXContainerItemProxy;
			containerPortal = 7A269CA829D9DC92005D84BF /* Project object */;
			proxyType = 1;
			remoteGlobalIDString = 7A269CAF29D9DC92005D84BF;
			remoteInfo = SwiftUI_POC2;
		};
		7A269CCB29D9DC94005D84BF /* PBXContainerItemProxy */ = {
			isa = PBXContainerItemProxy;
			containerPortal = 7A269CA829D9DC92005D84BF /* Project object */;
			proxyType = 1;
			remoteGlobalIDString = 7A269CAF29D9DC92005D84BF;
			remoteInfo = SwiftUI_POC2;
		};
		7A269CF829D9DE32005D84BF /* PBXContainerItemProxy */ = {
			isa = PBXContainerItemProxy;
			containerPortal = 7A269CA829D9DC92005D84BF /* Project object */;
			proxyType = 1;
			remoteGlobalIDString = 7A269CE729D9DE30005D84BF;
			remoteInfo = DSTV_UI;
		};
		7A269D0229D9DE33005D84BF /* PBXContainerItemProxy */ = {
			isa = PBXContainerItemProxy;
			containerPortal = 7A269CA829D9DC92005D84BF /* Project object */;
			proxyType = 1;
			remoteGlobalIDString = 7A269CE729D9DE30005D84BF;
			remoteInfo = DSTV_UI;
		};
/* End PBXContainerItemProxy section */

/* Begin PBXFileReference section */
		7A269CB029D9DC92005D84BF /* SwiftUI_POC2.app */ = {isa = PBXFileReference; explicitFileType = wrapper.application; includeInIndex = 0; path = SwiftUI_POC2.app; sourceTree = BUILT_PRODUCTS_DIR; };
		7A269CB329D9DC92005D84BF /* SwiftUI_POC2App.swift */ = {isa = PBXFileReference; lastKnownFileType = sourcecode.swift; path = SwiftUI_POC2App.swift; sourceTree = "<group>"; };
		7A269CB529D9DC92005D84BF /* ContentView.swift */ = {isa = PBXFileReference; lastKnownFileType = sourcecode.swift; path = ContentView.swift; sourceTree = "<group>"; };
		7A269CB729D9DC93005D84BF /* Assets.xcassets */ = {isa = PBXFileReference; lastKnownFileType = folder.assetcatalog; path = Assets.xcassets; sourceTree = "<group>"; };
		7A269CBA29D9DC93005D84BF /* Preview Assets.xcassets */ = {isa = PBXFileReference; lastKnownFileType = folder.assetcatalog; path = "Preview Assets.xcassets"; sourceTree = "<group>"; };
		7A269CC029D9DC94005D84BF /* SwiftUI_POC2Tests.xctest */ = {isa = PBXFileReference; explicitFileType = wrapper.cfbundle; includeInIndex = 0; path = SwiftUI_POC2Tests.xctest; sourceTree = BUILT_PRODUCTS_DIR; };
		7A269CC429D9DC94005D84BF /* SwiftUI_POC2Tests.swift */ = {isa = PBXFileReference; lastKnownFileType = sourcecode.swift; path = SwiftUI_POC2Tests.swift; sourceTree = "<group>"; };
		7A269CCA29D9DC94005D84BF /* SwiftUI_POC2UITests.xctest */ = {isa = PBXFileReference; explicitFileType = wrapper.cfbundle; includeInIndex = 0; path = SwiftUI_POC2UITests.xctest; sourceTree = BUILT_PRODUCTS_DIR; };
		7A269CCE29D9DC94005D84BF /* SwiftUI_POC2UITests.swift */ = {isa = PBXFileReference; lastKnownFileType = sourcecode.swift; path = SwiftUI_POC2UITests.swift; sourceTree = "<group>"; };
		7A269CD029D9DC94005D84BF /* SwiftUI_POC2UITestsLaunchTests.swift */ = {isa = PBXFileReference; lastKnownFileType = sourcecode.swift; path = SwiftUI_POC2UITestsLaunchTests.swift; sourceTree = "<group>"; };
		7A269CE829D9DE30005D84BF /* DSTV_UI.app */ = {isa = PBXFileReference; explicitFileType = wrapper.application; includeInIndex = 0; path = DSTV_UI.app; sourceTree = BUILT_PRODUCTS_DIR; };
		7A269CEA29D9DE30005D84BF /* DSTV_UIApp.swift */ = {isa = PBXFileReference; lastKnownFileType = sourcecode.swift; path = DSTV_UIApp.swift; sourceTree = "<group>"; };
		7A269CEC29D9DE30005D84BF /* ContentView.swift */ = {isa = PBXFileReference; lastKnownFileType = sourcecode.swift; path = ContentView.swift; sourceTree = "<group>"; };
		7A269CEE29D9DE32005D84BF /* Assets.xcassets */ = {isa = PBXFileReference; lastKnownFileType = folder.assetcatalog; path = Assets.xcassets; sourceTree = "<group>"; };
		7A269CF129D9DE32005D84BF /* Preview Assets.xcassets */ = {isa = PBXFileReference; lastKnownFileType = folder.assetcatalog; path = "Preview Assets.xcassets"; sourceTree = "<group>"; };
		7A269CF729D9DE32005D84BF /* DSTV_UITests.xctest */ = {isa = PBXFileReference; explicitFileType = wrapper.cfbundle; includeInIndex = 0; path = DSTV_UITests.xctest; sourceTree = BUILT_PRODUCTS_DIR; };
		7A269CFB29D9DE32005D84BF /* DSTV_UITests.swift */ = {isa = PBXFileReference; lastKnownFileType = sourcecode.swift; path = DSTV_UITests.swift; sourceTree = "<group>"; };
		7A269D0129D9DE32005D84BF /* DSTV_UIUITests.xctest */ = {isa = PBXFileReference; explicitFileType = wrapper.cfbundle; includeInIndex = 0; path = DSTV_UIUITests.xctest; sourceTree = BUILT_PRODUCTS_DIR; };
		7A269D0529D9DE33005D84BF /* DSTV_UIUITests.swift */ = {isa = PBXFileReference; lastKnownFileType = sourcecode.swift; path = DSTV_UIUITests.swift; sourceTree = "<group>"; };
		7A269D0729D9DE33005D84BF /* DSTV_UIUITestsLaunchTests.swift */ = {isa = PBXFileReference; lastKnownFileType = sourcecode.swift; path = DSTV_UIUITestsLaunchTests.swift; sourceTree = "<group>"; };
		7A269D3B29D9E031005D84BF /* ChannelMainView.swift */ = {isa = PBXFileReference; fileEncoding = 4; lastKnownFileType = sourcecode.swift; path = ChannelMainView.swift; sourceTree = "<group>"; };
		7A269D3C29D9E031005D84BF /* ChannelViewModel.swift */ = {isa = PBXFileReference; fileEncoding = 4; lastKnownFileType = sourcecode.swift; path = ChannelViewModel.swift; sourceTree = "<group>"; };
		7A269D3F29D9E03C005D84BF /* KidsViewModel.swift */ = {isa = PBXFileReference; fileEncoding = 4; lastKnownFileType = sourcecode.swift; path = KidsViewModel.swift; sourceTree = "<group>"; };
		7A269D4029D9E03C005D84BF /* KidsView.swift */ = {isa = PBXFileReference; fileEncoding = 4; lastKnownFileType = sourcecode.swift; path = KidsView.swift; sourceTree = "<group>"; };
		7A269D4429D9E050005D84BF /* Models.swift */ = {isa = PBXFileReference; fileEncoding = 4; lastKnownFileType = sourcecode.swift; path = Models.swift; sourceTree = "<group>"; };
		7A269D4629D9E05D005D84BF /* MoviesMainView.swift */ = {isa = PBXFileReference; fileEncoding = 4; lastKnownFileType = sourcecode.swift; path = MoviesMainView.swift; sourceTree = "<group>"; };
		7A269D4829D9E068005D84BF /* MyListViewModel.swift */ = {isa = PBXFileReference; fileEncoding = 4; lastKnownFileType = sourcecode.swift; path = MyListViewModel.swift; sourceTree = "<group>"; };
		7A269D4929D9E068005D84BF /* MyListView.swift */ = {isa = PBXFileReference; fileEncoding = 4; lastKnownFileType = sourcecode.swift; path = MyListView.swift; sourceTree = "<group>"; };
		7A269D4C29D9E077005D84BF /* SearchView.swift */ = {isa = PBXFileReference; fileEncoding = 4; lastKnownFileType = sourcecode.swift; path = SearchView.swift; sourceTree = "<group>"; };
		7A269D4E29D9E088005D84BF /* SettingViewModel.swift */ = {isa = PBXFileReference; fileEncoding = 4; lastKnownFileType = sourcecode.swift; path = SettingViewModel.swift; sourceTree = "<group>"; };
		7A269D4F29D9E088005D84BF /* SettingMainView.swift */ = {isa = PBXFileReference; fileEncoding = 4; lastKnownFileType = sourcecode.swift; path = SettingMainView.swift; sourceTree = "<group>"; };
		7A269D5329D9E0A6005D84BF /* SportsViewModel.swift */ = {isa = PBXFileReference; fileEncoding = 4; lastKnownFileType = sourcecode.swift; path = SportsViewModel.swift; sourceTree = "<group>"; };
		7A269D5429D9E0A6005D84BF /* SportsView.swift */ = {isa = PBXFileReference; fileEncoding = 4; lastKnownFileType = sourcecode.swift; path = SportsView.swift; sourceTree = "<group>"; };
		7A269D5729D9E0BD005D84BF /* TvShowView.swift */ = {isa = PBXFileReference; fileEncoding = 4; lastKnownFileType = sourcecode.swift; path = TvShowView.swift; sourceTree = "<group>"; };
		7A269D5929D9E0E3005D84BF /* MovieViewTV.swift */ = {isa = PBXFileReference; fileEncoding = 4; lastKnownFileType = sourcecode.swift; path = MovieViewTV.swift; sourceTree = "<group>"; };
		7A269D5A29D9E0E3005D84BF /* MovieItemView.swift */ = {isa = PBXFileReference; fileEncoding = 4; lastKnownFileType = sourcecode.swift; path = MovieItemView.swift; sourceTree = "<group>"; };
		7A269D5D29D9E0F0005D84BF /* LiveTVView.swift */ = {isa = PBXFileReference; fileEncoding = 4; lastKnownFileType = sourcecode.swift; path = LiveTVView.swift; sourceTree = "<group>"; };
		7A269D5F29D9E101005D84BF /* ChannelProgramView.swift */ = {isa = PBXFileReference; fileEncoding = 4; lastKnownFileType = sourcecode.swift; path = ChannelProgramView.swift; sourceTree = "<group>"; };
		7A269D6029D9E101005D84BF /* CustomFocusedButton.swift */ = {isa = PBXFileReference; fileEncoding = 4; lastKnownFileType = sourcecode.swift; path = CustomFocusedButton.swift; sourceTree = "<group>"; };
		7A269D6329D9E115005D84BF /* HomeViewModel.swift */ = {isa = PBXFileReference; fileEncoding = 4; lastKnownFileType = sourcecode.swift; path = HomeViewModel.swift; sourceTree = "<group>"; };
		7A269D6529D9E11F005D84BF /* HorizontalTVCell.swift */ = {isa = PBXFileReference; fileEncoding = 4; lastKnownFileType = sourcecode.swift; path = HorizontalTVCell.swift; sourceTree = "<group>"; };
		7A269D6729D9E137005D84BF /* ListModifier.swift */ = {isa = PBXFileReference; fileEncoding = 4; lastKnownFileType = sourcecode.swift; path = ListModifier.swift; sourceTree = "<group>"; };
		7A269D6829D9E137005D84BF /* Constants.swift */ = {isa = PBXFileReference; fileEncoding = 4; lastKnownFileType = sourcecode.swift; path = Constants.swift; sourceTree = "<group>"; };
		7A269D6929D9E137005D84BF /* Color.swift */ = {isa = PBXFileReference; fileEncoding = 4; lastKnownFileType = sourcecode.swift; path = Color.swift; sourceTree = "<group>"; };
		7A269D6A29D9E137005D84BF /* NavigationModifier.swift */ = {isa = PBXFileReference; fileEncoding = 4; lastKnownFileType = sourcecode.swift; path = NavigationModifier.swift; sourceTree = "<group>"; };
		7A269D6B29D9E137005D84BF /* Protocols.swift */ = {isa = PBXFileReference; fileEncoding = 4; lastKnownFileType = sourcecode.swift; path = Protocols.swift; sourceTree = "<group>"; };
		7A269D6C29D9E137005D84BF /* TabModifier.swift */ = {isa = PBXFileReference; fileEncoding = 4; lastKnownFileType = sourcecode.swift; path = TabModifier.swift; sourceTree = "<group>"; };
		7A269D7329D9E179005D84BF /* LiveTVViewModal.swift */ = {isa = PBXFileReference; fileEncoding = 4; lastKnownFileType = sourcecode.swift; path = LiveTVViewModal.swift; sourceTree = "<group>"; };
		7A269D7529D9E186005D84BF /* ModelData.swift */ = {isa = PBXFileReference; fileEncoding = 4; lastKnownFileType = sourcecode.swift; path = ModelData.swift; sourceTree = "<group>"; };
		7A269D7729D9E196005D84BF /* PlayerViewModal.swift */ = {isa = PBXFileReference; fileEncoding = 4; lastKnownFileType = sourcecode.swift; path = PlayerViewModal.swift; sourceTree = "<group>"; };
		7A269D7929D9E1A4005D84BF /* SettingViewModal.swift */ = {isa = PBXFileReference; fileEncoding = 4; lastKnownFileType = sourcecode.swift; path = SettingViewModal.swift; sourceTree = "<group>"; };
		7A269D7A29D9E1A4005D84BF /* SettingDetailViewModal.swift */ = {isa = PBXFileReference; fileEncoding = 4; lastKnownFileType = sourcecode.swift; path = SettingDetailViewModal.swift; sourceTree = "<group>"; };
		7A269D7D29D9E1BD005D84BF /* CatchUpViewModel.swift */ = {isa = PBXFileReference; fileEncoding = 4; lastKnownFileType = sourcecode.swift; path = CatchUpViewModel.swift; sourceTree = "<group>"; };
		7A269D7E29D9E1BD005D84BF /* DownloadViewModel.swift */ = {isa = PBXFileReference; fileEncoding = 4; lastKnownFileType = sourcecode.swift; path = DownloadViewModel.swift; sourceTree = "<group>"; };
		7AE1D87129DACEEB001E4DF7 /* MoreView.swift */ = {isa = PBXFileReference; fileEncoding = 4; lastKnownFileType = sourcecode.swift; path = MoreView.swift; sourceTree = "<group>"; };
		7AE1D87229DACEEB001E4DF7 /* CollectionView.swift */ = {isa = PBXFileReference; fileEncoding = 4; lastKnownFileType = sourcecode.swift; path = CollectionView.swift; sourceTree = "<group>"; };
		7AE1D87329DACEEC001E4DF7 /* CustomText.swift */ = {isa = PBXFileReference; fileEncoding = 4; lastKnownFileType = sourcecode.swift; path = CustomText.swift; sourceTree = "<group>"; };
		7AE1D87429DACEEC001E4DF7 /* PlayerView.swift */ = {isa = PBXFileReference; fileEncoding = 4; lastKnownFileType = sourcecode.swift; path = PlayerView.swift; sourceTree = "<group>"; };
		7AE1D87529DACEEC001E4DF7 /* ItemData.swift */ = {isa = PBXFileReference; fileEncoding = 4; lastKnownFileType = sourcecode.swift; path = ItemData.swift; sourceTree = "<group>"; };
		7AE1D87629DACEEC001E4DF7 /* NavigationBar.swift */ = {isa = PBXFileReference; fileEncoding = 4; lastKnownFileType = sourcecode.swift; path = NavigationBar.swift; sourceTree = "<group>"; };
		7AE1D87729DACEEC001E4DF7 /* ProfileView.swift */ = {isa = PBXFileReference; fileEncoding = 4; lastKnownFileType = sourcecode.swift; path = ProfileView.swift; sourceTree = "<group>"; };
		7AE1D87829DACEEC001E4DF7 /* SegmentPicker.swift */ = {isa = PBXFileReference; fileEncoding = 4; lastKnownFileType = sourcecode.swift; path = SegmentPicker.swift; sourceTree = "<group>"; };
		7AE1D87929DACEEC001E4DF7 /* SettingToggleView.swift */ = {isa = PBXFileReference; fileEncoding = 4; lastKnownFileType = sourcecode.swift; path = SettingToggleView.swift; sourceTree = "<group>"; };
		7AE1D88329DACF31001E4DF7 /* DataModel.swift */ = {isa = PBXFileReference; fileEncoding = 4; lastKnownFileType = sourcecode.swift; path = DataModel.swift; sourceTree = "<group>"; };
		7AE1D88D29DAD39F001E4DF7 /* APIManager.swift */ = {isa = PBXFileReference; fileEncoding = 4; lastKnownFileType = sourcecode.swift; path = APIManager.swift; sourceTree = "<group>"; };
		7AE1D88F29DAD464001E4DF7 /* CombineViewModal.swift */ = {isa = PBXFileReference; fileEncoding = 4; lastKnownFileType = sourcecode.swift; path = CombineViewModal.swift; sourceTree = "<group>"; };
		7AE1D89729DAD94C001E4DF7 /* APIConfiguration.swift */ = {isa = PBXFileReference; fileEncoding = 4; lastKnownFileType = sourcecode.swift; path = APIConfiguration.swift; sourceTree = "<group>"; };
		7AE1D89929DAD989001E4DF7 /* NetworkManager.swift */ = {isa = PBXFileReference; fileEncoding = 4; lastKnownFileType = sourcecode.swift; path = NetworkManager.swift; sourceTree = "<group>"; };
		7AE1D89B29DAD9B1001E4DF7 /* APIConstant.swift */ = {isa = PBXFileReference; fileEncoding = 4; lastKnownFileType = sourcecode.swift; path = APIConstant.swift; sourceTree = "<group>"; };
		7AE1D89D29DADAAE001E4DF7 /* Employee.swift */ = {isa = PBXFileReference; fileEncoding = 4; lastKnownFileType = sourcecode.swift; path = Employee.swift; sourceTree = "<group>"; };
/* End PBXFileReference section */

/* Begin PBXFrameworksBuildPhase section */
		7A269CAD29D9DC92005D84BF /* Frameworks */ = {
			isa = PBXFrameworksBuildPhase;
			buildActionMask = 2147483647;
			files = (
				7AE1D88B29DAD288001E4DF7 /* RxSwift in Frameworks */,
				7AE1D89329DAD802001E4DF7 /* Alamofire in Frameworks */,
				7AE1D88929DAD288001E4DF7 /* RxRelay in Frameworks */,
				7AE1D88729DAD288001E4DF7 /* RxCocoa in Frameworks */,
			);
			runOnlyForDeploymentPostprocessing = 0;
		};
		7A269CBD29D9DC94005D84BF /* Frameworks */ = {
			isa = PBXFrameworksBuildPhase;
			buildActionMask = 2147483647;
			files = (
			);
			runOnlyForDeploymentPostprocessing = 0;
		};
		7A269CC729D9DC94005D84BF /* Frameworks */ = {
			isa = PBXFrameworksBuildPhase;
			buildActionMask = 2147483647;
			files = (
			);
			runOnlyForDeploymentPostprocessing = 0;
		};
		7A269CE529D9DE30005D84BF /* Frameworks */ = {
			isa = PBXFrameworksBuildPhase;
			buildActionMask = 2147483647;
			files = (
				7AE1D89629DAD8DF001E4DF7 /* Alamofire in Frameworks */,
			);
			runOnlyForDeploymentPostprocessing = 0;
		};
		7A269CF429D9DE32005D84BF /* Frameworks */ = {
			isa = PBXFrameworksBuildPhase;
			buildActionMask = 2147483647;
			files = (
			);
			runOnlyForDeploymentPostprocessing = 0;
		};
		7A269CFE29D9DE32005D84BF /* Frameworks */ = {
			isa = PBXFrameworksBuildPhase;
			buildActionMask = 2147483647;
			files = (
			);
			runOnlyForDeploymentPostprocessing = 0;
		};
/* End PBXFrameworksBuildPhase section */

/* Begin PBXGroup section */
		7A269CA729D9DC92005D84BF = {
			isa = PBXGroup;
			children = (
				7A269CB229D9DC92005D84BF /* SwiftUI_POC2 */,
				7A269CC329D9DC94005D84BF /* SwiftUI_POC2Tests */,
				7A269CCD29D9DC94005D84BF /* SwiftUI_POC2UITests */,
				7A269CE929D9DE30005D84BF /* DSTV_UI */,
				7A269CFA29D9DE32005D84BF /* DSTV_UITests */,
				7A269D0429D9DE33005D84BF /* DSTV_UIUITests */,
				7A269CB129D9DC92005D84BF /* Products */,
				7AE1D89429DAD8DF001E4DF7 /* Frameworks */,
			);
			sourceTree = "<group>";
		};
		7A269CB129D9DC92005D84BF /* Products */ = {
			isa = PBXGroup;
			children = (
				7A269CB029D9DC92005D84BF /* SwiftUI_POC2.app */,
				7A269CC029D9DC94005D84BF /* SwiftUI_POC2Tests.xctest */,
				7A269CCA29D9DC94005D84BF /* SwiftUI_POC2UITests.xctest */,
				7A269CE829D9DE30005D84BF /* DSTV_UI.app */,
				7A269CF729D9DE32005D84BF /* DSTV_UITests.xctest */,
				7A269D0129D9DE32005D84BF /* DSTV_UIUITests.xctest */,
			);
			name = Products;
			sourceTree = "<group>";
		};
		7A269CB229D9DC92005D84BF /* SwiftUI_POC2 */ = {
			isa = PBXGroup;
			children = (
				7A269CB329D9DC92005D84BF /* SwiftUI_POC2App.swift */,
				7A269CB529D9DC92005D84BF /* ContentView.swift */,
				7A269CB729D9DC93005D84BF /* Assets.xcassets */,
				7A269CB929D9DC93005D84BF /* Preview Content */,
			);
			path = SwiftUI_POC2;
			sourceTree = "<group>";
		};
		7A269CB929D9DC93005D84BF /* Preview Content */ = {
			isa = PBXGroup;
			children = (
				7A269CBA29D9DC93005D84BF /* Preview Assets.xcassets */,
			);
			path = "Preview Content";
			sourceTree = "<group>";
		};
		7A269CC329D9DC94005D84BF /* SwiftUI_POC2Tests */ = {
			isa = PBXGroup;
			children = (
				7A269CC429D9DC94005D84BF /* SwiftUI_POC2Tests.swift */,
			);
			path = SwiftUI_POC2Tests;
			sourceTree = "<group>";
		};
		7A269CCD29D9DC94005D84BF /* SwiftUI_POC2UITests */ = {
			isa = PBXGroup;
			children = (
				7A269CCE29D9DC94005D84BF /* SwiftUI_POC2UITests.swift */,
				7A269CD029D9DC94005D84BF /* SwiftUI_POC2UITestsLaunchTests.swift */,
			);
			path = SwiftUI_POC2UITests;
			sourceTree = "<group>";
		};
		7A269CE929D9DE30005D84BF /* DSTV_UI */ = {
			isa = PBXGroup;
			children = (
				7A269D1C29D9DF32005D84BF /* Networking */,
				7AE1D87029DACED5001E4DF7 /* Common  Views */,
				7A269D5229D9E09B005D84BF /* Sports */,
				7A269D4329D9E047005D84BF /* Models */,
				7A269D1D29D9DF37005D84BF /* Constants */,
				7A269D1B29D9DF30005D84BF /* Utility */,
				7A269D1A29D9DF2C005D84BF /* My List */,
				7A269D1929D9DEE2005D84BF /* TV Shows */,
				7A269D1829D9DEDF005D84BF /* Profile */,
				7A269D1729D9DEDC005D84BF /* Search */,
				7A269D1629D9DED9005D84BF /* Movies */,
				7A269D1529D9DED5005D84BF /* Kids */,
				7A269D1429D9DED1005D84BF /* Setting */,
				7A269D1329D9DEC9005D84BF /* Live TV */,
				7A269D1229D9DEC4005D84BF /* Home */,
				7A269CEA29D9DE30005D84BF /* DSTV_UIApp.swift */,
				7A269CEC29D9DE30005D84BF /* ContentView.swift */,
				7A269CEE29D9DE32005D84BF /* Assets.xcassets */,
				7A269CF029D9DE32005D84BF /* Preview Content */,
			);
			path = DSTV_UI;
			sourceTree = "<group>";
		};
		7A269CF029D9DE32005D84BF /* Preview Content */ = {
			isa = PBXGroup;
			children = (
				7A269CF129D9DE32005D84BF /* Preview Assets.xcassets */,
			);
			path = "Preview Content";
			sourceTree = "<group>";
		};
		7A269CFA29D9DE32005D84BF /* DSTV_UITests */ = {
			isa = PBXGroup;
			children = (
				7A269CFB29D9DE32005D84BF /* DSTV_UITests.swift */,
			);
			path = DSTV_UITests;
			sourceTree = "<group>";
		};
		7A269D0429D9DE33005D84BF /* DSTV_UIUITests */ = {
			isa = PBXGroup;
			children = (
				7A269D0529D9DE33005D84BF /* DSTV_UIUITests.swift */,
				7A269D0729D9DE33005D84BF /* DSTV_UIUITestsLaunchTests.swift */,
			);
			path = DSTV_UIUITests;
			sourceTree = "<group>";
		};
		7A269D1229D9DEC4005D84BF /* Home */ = {
			isa = PBXGroup;
			children = (
				7A269D6529D9E11F005D84BF /* HorizontalTVCell.swift */,
				7A269D6329D9E115005D84BF /* HomeViewModel.swift */,
				7A269D5A29D9E0E3005D84BF /* MovieItemView.swift */,
				7A269D5929D9E0E3005D84BF /* MovieViewTV.swift */,
			);
			path = Home;
			sourceTree = "<group>";
		};
		7A269D1329D9DEC9005D84BF /* Live TV */ = {
			isa = PBXGroup;
			children = (
				7A269D7329D9E179005D84BF /* LiveTVViewModal.swift */,
				7A269D5D29D9E0F0005D84BF /* LiveTVView.swift */,
				7A269D3A29D9E024005D84BF /* Channel */,
			);
			path = "Live TV";
			sourceTree = "<group>";
		};
		7A269D1429D9DED1005D84BF /* Setting */ = {
			isa = PBXGroup;
			children = (
				7AE1D87929DACEEC001E4DF7 /* SettingToggleView.swift */,
				7A269D7A29D9E1A4005D84BF /* SettingDetailViewModal.swift */,
				7A269D7929D9E1A4005D84BF /* SettingViewModal.swift */,
				7A269D4F29D9E088005D84BF /* SettingMainView.swift */,
				7A269D4E29D9E088005D84BF /* SettingViewModel.swift */,
			);
			path = Setting;
			sourceTree = "<group>";
		};
		7A269D1529D9DED5005D84BF /* Kids */ = {
			isa = PBXGroup;
			children = (
				7A269D4029D9E03C005D84BF /* KidsView.swift */,
				7A269D3F29D9E03C005D84BF /* KidsViewModel.swift */,
			);
			path = Kids;
			sourceTree = "<group>";
		};
		7A269D1629D9DED9005D84BF /* Movies */ = {
			isa = PBXGroup;
			children = (
				7A269D4629D9E05D005D84BF /* MoviesMainView.swift */,
			);
			path = Movies;
			sourceTree = "<group>";
		};
		7A269D1729D9DEDC005D84BF /* Search */ = {
			isa = PBXGroup;
			children = (
				7A269D4C29D9E077005D84BF /* SearchView.swift */,
			);
			path = Search;
			sourceTree = "<group>";
		};
		7A269D1829D9DEDF005D84BF /* Profile */ = {
			isa = PBXGroup;
			children = (
				7AE1D87729DACEEC001E4DF7 /* ProfileView.swift */,
			);
			path = Profile;
			sourceTree = "<group>";
		};
		7A269D1929D9DEE2005D84BF /* TV Shows */ = {
			isa = PBXGroup;
			children = (
				7A269D5729D9E0BD005D84BF /* TvShowView.swift */,
			);
			path = "TV Shows";
			sourceTree = "<group>";
		};
		7A269D1A29D9DF2C005D84BF /* My List */ = {
			isa = PBXGroup;
			children = (
				7A269D4929D9E068005D84BF /* MyListView.swift */,
				7A269D4829D9E068005D84BF /* MyListViewModel.swift */,
			);
			path = "My List";
			sourceTree = "<group>";
		};
		7A269D1B29D9DF30005D84BF /* Utility */ = {
			isa = PBXGroup;
			children = (
				7A269D6929D9E137005D84BF /* Color.swift */,
				7A269D6829D9E137005D84BF /* Constants.swift */,
				7A269D6729D9E137005D84BF /* ListModifier.swift */,
				7A269D6A29D9E137005D84BF /* NavigationModifier.swift */,
				7A269D6B29D9E137005D84BF /* Protocols.swift */,
				7A269D6C29D9E137005D84BF /* TabModifier.swift */,
			);
			path = Utility;
			sourceTree = "<group>";
		};
		7A269D1C29D9DF32005D84BF /* Networking */ = {
			isa = PBXGroup;
			children = (
				7AE1D89B29DAD9B1001E4DF7 /* APIConstant.swift */,
				7AE1D89929DAD989001E4DF7 /* NetworkManager.swift */,
				7AE1D89729DAD94C001E4DF7 /* APIConfiguration.swift */,
				7AE1D88F29DAD464001E4DF7 /* CombineViewModal.swift */,
				7AE1D88D29DAD39F001E4DF7 /* APIManager.swift */,
			);
			path = Networking;
			sourceTree = "<group>";
		};
		7A269D1D29D9DF37005D84BF /* Constants */ = {
			isa = PBXGroup;
			children = (
			);
			path = Constants;
			sourceTree = "<group>";
		};
		7A269D3A29D9E024005D84BF /* Channel */ = {
			isa = PBXGroup;
			children = (
				7A269D5F29D9E101005D84BF /* ChannelProgramView.swift */,
				7A269D6029D9E101005D84BF /* CustomFocusedButton.swift */,
				7A269D3B29D9E031005D84BF /* ChannelMainView.swift */,
				7A269D3C29D9E031005D84BF /* ChannelViewModel.swift */,
			);
			path = Channel;
			sourceTree = "<group>";
		};
		7A269D4329D9E047005D84BF /* Models */ = {
			isa = PBXGroup;
			children = (
				7AE1D89D29DADAAE001E4DF7 /* Employee.swift */,
				7AE1D88329DACF31001E4DF7 /* DataModel.swift */,
				7A269D7D29D9E1BD005D84BF /* CatchUpViewModel.swift */,
				7A269D7E29D9E1BD005D84BF /* DownloadViewModel.swift */,
				7A269D7729D9E196005D84BF /* PlayerViewModal.swift */,
				7A269D7529D9E186005D84BF /* ModelData.swift */,
				7A269D4429D9E050005D84BF /* Models.swift */,
			);
			path = Models;
			sourceTree = "<group>";
		};
		7A269D5229D9E09B005D84BF /* Sports */ = {
			isa = PBXGroup;
			children = (
				7A269D5429D9E0A6005D84BF /* SportsView.swift */,
				7A269D5329D9E0A6005D84BF /* SportsViewModel.swift */,
			);
			path = Sports;
			sourceTree = "<group>";
		};
		7AE1D87029DACED5001E4DF7 /* Common  Views */ = {
			isa = PBXGroup;
			children = (
				7AE1D87229DACEEB001E4DF7 /* CollectionView.swift */,
				7AE1D87329DACEEC001E4DF7 /* CustomText.swift */,
				7AE1D87529DACEEC001E4DF7 /* ItemData.swift */,
				7AE1D87129DACEEB001E4DF7 /* MoreView.swift */,
				7AE1D87629DACEEC001E4DF7 /* NavigationBar.swift */,
				7AE1D87429DACEEC001E4DF7 /* PlayerView.swift */,
				7AE1D87829DACEEC001E4DF7 /* SegmentPicker.swift */,
			);
			path = "Common  Views";
			sourceTree = "<group>";
		};
		7AE1D89429DAD8DF001E4DF7 /* Frameworks */ = {
			isa = PBXGroup;
			children = (
			);
			name = Frameworks;
			sourceTree = "<group>";
		};
/* End PBXGroup section */

/* Begin PBXNativeTarget section */
		7A269CAF29D9DC92005D84BF /* SwiftUI_POC2 */ = {
			isa = PBXNativeTarget;
			buildConfigurationList = 7A269CD429D9DC94005D84BF /* Build configuration list for PBXNativeTarget "SwiftUI_POC2" */;
			buildPhases = (
				7A269CAC29D9DC92005D84BF /* Sources */,
				7A269CAD29D9DC92005D84BF /* Frameworks */,
				7A269CAE29D9DC92005D84BF /* Resources */,
			);
			buildRules = (
			);
			dependencies = (
			);
			name = SwiftUI_POC2;
			packageProductDependencies = (
				7AE1D88629DAD288001E4DF7 /* RxCocoa */,
				7AE1D88829DAD288001E4DF7 /* RxRelay */,
				7AE1D88A29DAD288001E4DF7 /* RxSwift */,
				7AE1D89229DAD802001E4DF7 /* Alamofire */,
			);
			productName = SwiftUI_POC2;
			productReference = 7A269CB029D9DC92005D84BF /* SwiftUI_POC2.app */;
			productType = "com.apple.product-type.application";
		};
		7A269CBF29D9DC94005D84BF /* SwiftUI_POC2Tests */ = {
			isa = PBXNativeTarget;
			buildConfigurationList = 7A269CD729D9DC94005D84BF /* Build configuration list for PBXNativeTarget "SwiftUI_POC2Tests" */;
			buildPhases = (
				7A269CBC29D9DC94005D84BF /* Sources */,
				7A269CBD29D9DC94005D84BF /* Frameworks */,
				7A269CBE29D9DC94005D84BF /* Resources */,
			);
			buildRules = (
			);
			dependencies = (
				7A269CC229D9DC94005D84BF /* PBXTargetDependency */,
			);
			name = SwiftUI_POC2Tests;
			productName = SwiftUI_POC2Tests;
			productReference = 7A269CC029D9DC94005D84BF /* SwiftUI_POC2Tests.xctest */;
			productType = "com.apple.product-type.bundle.unit-test";
		};
		7A269CC929D9DC94005D84BF /* SwiftUI_POC2UITests */ = {
			isa = PBXNativeTarget;
			buildConfigurationList = 7A269CDA29D9DC94005D84BF /* Build configuration list for PBXNativeTarget "SwiftUI_POC2UITests" */;
			buildPhases = (
				7A269CC629D9DC94005D84BF /* Sources */,
				7A269CC729D9DC94005D84BF /* Frameworks */,
				7A269CC829D9DC94005D84BF /* Resources */,
			);
			buildRules = (
			);
			dependencies = (
				7A269CCC29D9DC94005D84BF /* PBXTargetDependency */,
			);
			name = SwiftUI_POC2UITests;
			productName = SwiftUI_POC2UITests;
			productReference = 7A269CCA29D9DC94005D84BF /* SwiftUI_POC2UITests.xctest */;
			productType = "com.apple.product-type.bundle.ui-testing";
		};
		7A269CE729D9DE30005D84BF /* DSTV_UI */ = {
			isa = PBXNativeTarget;
			buildConfigurationList = 7A269D0929D9DE33005D84BF /* Build configuration list for PBXNativeTarget "DSTV_UI" */;
			buildPhases = (
				7A269CE429D9DE30005D84BF /* Sources */,
				7A269CE529D9DE30005D84BF /* Frameworks */,
				7A269CE629D9DE30005D84BF /* Resources */,
			);
			buildRules = (
			);
			dependencies = (
			);
			name = DSTV_UI;
			packageProductDependencies = (
				7AE1D89529DAD8DF001E4DF7 /* Alamofire */,
			);
			productName = DSTV_UI;
			productReference = 7A269CE829D9DE30005D84BF /* DSTV_UI.app */;
			productType = "com.apple.product-type.application";
		};
		7A269CF629D9DE32005D84BF /* DSTV_UITests */ = {
			isa = PBXNativeTarget;
			buildConfigurationList = 7A269D0C29D9DE33005D84BF /* Build configuration list for PBXNativeTarget "DSTV_UITests" */;
			buildPhases = (
				7A269CF329D9DE32005D84BF /* Sources */,
				7A269CF429D9DE32005D84BF /* Frameworks */,
				7A269CF529D9DE32005D84BF /* Resources */,
			);
			buildRules = (
			);
			dependencies = (
				7A269CF929D9DE32005D84BF /* PBXTargetDependency */,
			);
			name = DSTV_UITests;
			productName = DSTV_UITests;
			productReference = 7A269CF729D9DE32005D84BF /* DSTV_UITests.xctest */;
			productType = "com.apple.product-type.bundle.unit-test";
		};
		7A269D0029D9DE32005D84BF /* DSTV_UIUITests */ = {
			isa = PBXNativeTarget;
			buildConfigurationList = 7A269D0F29D9DE33005D84BF /* Build configuration list for PBXNativeTarget "DSTV_UIUITests" */;
			buildPhases = (
				7A269CFD29D9DE32005D84BF /* Sources */,
				7A269CFE29D9DE32005D84BF /* Frameworks */,
				7A269CFF29D9DE32005D84BF /* Resources */,
			);
			buildRules = (
			);
			dependencies = (
				7A269D0329D9DE33005D84BF /* PBXTargetDependency */,
			);
			name = DSTV_UIUITests;
			productName = DSTV_UIUITests;
			productReference = 7A269D0129D9DE32005D84BF /* DSTV_UIUITests.xctest */;
			productType = "com.apple.product-type.bundle.ui-testing";
		};
/* End PBXNativeTarget section */

/* Begin PBXProject section */
		7A269CA829D9DC92005D84BF /* Project object */ = {
			isa = PBXProject;
			attributes = {
				BuildIndependentTargetsInParallel = 1;
				LastSwiftUpdateCheck = 1400;
				LastUpgradeCheck = 1400;
				TargetAttributes = {
					7A269CAF29D9DC92005D84BF = {
						CreatedOnToolsVersion = 14.0.1;
					};
					7A269CBF29D9DC94005D84BF = {
						CreatedOnToolsVersion = 14.0.1;
						TestTargetID = 7A269CAF29D9DC92005D84BF;
					};
					7A269CC929D9DC94005D84BF = {
						CreatedOnToolsVersion = 14.0.1;
						TestTargetID = 7A269CAF29D9DC92005D84BF;
					};
					7A269CE729D9DE30005D84BF = {
						CreatedOnToolsVersion = 14.0.1;
					};
					7A269CF629D9DE32005D84BF = {
						CreatedOnToolsVersion = 14.0.1;
						TestTargetID = 7A269CE729D9DE30005D84BF;
					};
					7A269D0029D9DE32005D84BF = {
						CreatedOnToolsVersion = 14.0.1;
						TestTargetID = 7A269CE729D9DE30005D84BF;
					};
				};
			};
			buildConfigurationList = 7A269CAB29D9DC92005D84BF /* Build configuration list for PBXProject "SwiftUI_POC2" */;
			compatibilityVersion = "Xcode 14.0";
			developmentRegion = en;
			hasScannedForEncodings = 0;
			knownRegions = (
				en,
				Base,
			);
			mainGroup = 7A269CA729D9DC92005D84BF;
			packageReferences = (
				7AE1D88529DAD288001E4DF7 /* XCRemoteSwiftPackageReference "RxSwift" */,
				7AE1D89129DAD802001E4DF7 /* XCRemoteSwiftPackageReference "Alamofire" */,
			);
			productRefGroup = 7A269CB129D9DC92005D84BF /* Products */;
			projectDirPath = "";
			projectRoot = "";
			targets = (
				7A269CAF29D9DC92005D84BF /* SwiftUI_POC2 */,
				7A269CBF29D9DC94005D84BF /* SwiftUI_POC2Tests */,
				7A269CC929D9DC94005D84BF /* SwiftUI_POC2UITests */,
				7A269CE729D9DE30005D84BF /* DSTV_UI */,
				7A269CF629D9DE32005D84BF /* DSTV_UITests */,
				7A269D0029D9DE32005D84BF /* DSTV_UIUITests */,
			);
		};
/* End PBXProject section */

/* Begin PBXResourcesBuildPhase section */
		7A269CAE29D9DC92005D84BF /* Resources */ = {
			isa = PBXResourcesBuildPhase;
			buildActionMask = 2147483647;
			files = (
				7A269CBB29D9DC93005D84BF /* Preview Assets.xcassets in Resources */,
				7A269CB829D9DC93005D84BF /* Assets.xcassets in Resources */,
			);
			runOnlyForDeploymentPostprocessing = 0;
		};
		7A269CBE29D9DC94005D84BF /* Resources */ = {
			isa = PBXResourcesBuildPhase;
			buildActionMask = 2147483647;
			files = (
			);
			runOnlyForDeploymentPostprocessing = 0;
		};
		7A269CC829D9DC94005D84BF /* Resources */ = {
			isa = PBXResourcesBuildPhase;
			buildActionMask = 2147483647;
			files = (
			);
			runOnlyForDeploymentPostprocessing = 0;
		};
		7A269CE629D9DE30005D84BF /* Resources */ = {
			isa = PBXResourcesBuildPhase;
			buildActionMask = 2147483647;
			files = (
				7A269CF229D9DE32005D84BF /* Preview Assets.xcassets in Resources */,
				7A269CEF29D9DE32005D84BF /* Assets.xcassets in Resources */,
			);
			runOnlyForDeploymentPostprocessing = 0;
		};
		7A269CF529D9DE32005D84BF /* Resources */ = {
			isa = PBXResourcesBuildPhase;
			buildActionMask = 2147483647;
			files = (
			);
			runOnlyForDeploymentPostprocessing = 0;
		};
		7A269CFF29D9DE32005D84BF /* Resources */ = {
			isa = PBXResourcesBuildPhase;
			buildActionMask = 2147483647;
			files = (
			);
			runOnlyForDeploymentPostprocessing = 0;
		};
/* End PBXResourcesBuildPhase section */

/* Begin PBXSourcesBuildPhase section */
		7A269CAC29D9DC92005D84BF /* Sources */ = {
			isa = PBXSourcesBuildPhase;
			buildActionMask = 2147483647;
			files = (
				7A269CB629D9DC92005D84BF /* ContentView.swift in Sources */,
				7A269CB429D9DC92005D84BF /* SwiftUI_POC2App.swift in Sources */,
			);
			runOnlyForDeploymentPostprocessing = 0;
		};
		7A269CBC29D9DC94005D84BF /* Sources */ = {
			isa = PBXSourcesBuildPhase;
			buildActionMask = 2147483647;
			files = (
				7A269CC529D9DC94005D84BF /* SwiftUI_POC2Tests.swift in Sources */,
			);
			runOnlyForDeploymentPostprocessing = 0;
		};
		7A269CC629D9DC94005D84BF /* Sources */ = {
			isa = PBXSourcesBuildPhase;
			buildActionMask = 2147483647;
			files = (
				7A269CD129D9DC94005D84BF /* SwiftUI_POC2UITestsLaunchTests.swift in Sources */,
				7A269CCF29D9DC94005D84BF /* SwiftUI_POC2UITests.swift in Sources */,
			);
			runOnlyForDeploymentPostprocessing = 0;
		};
		7A269CE429D9DE30005D84BF /* Sources */ = {
			isa = PBXSourcesBuildPhase;
			buildActionMask = 2147483647;
			files = (
				7A269D4B29D9E068005D84BF /* MyListView.swift in Sources */,
				7A269D7629D9E186005D84BF /* ModelData.swift in Sources */,
				7A269D5029D9E088005D84BF /* SettingViewModel.swift in Sources */,
				7AE1D87D29DACEEC001E4DF7 /* PlayerView.swift in Sources */,
				7A269D4729D9E05D005D84BF /* MoviesMainView.swift in Sources */,
				7A269D7B29D9E1A4005D84BF /* SettingViewModal.swift in Sources */,
				7A269D6229D9E101005D84BF /* CustomFocusedButton.swift in Sources */,
				7AE1D87B29DACEEC001E4DF7 /* CollectionView.swift in Sources */,
				7A269CED29D9DE30005D84BF /* ContentView.swift in Sources */,
				7AE1D89E29DADAAE001E4DF7 /* Employee.swift in Sources */,
				7A269D5E29D9E0F0005D84BF /* LiveTVView.swift in Sources */,
				7A269D7129D9E137005D84BF /* Protocols.swift in Sources */,
				7AE1D89C29DAD9B1001E4DF7 /* APIConstant.swift in Sources */,
				7AE1D87F29DACEEC001E4DF7 /* NavigationBar.swift in Sources */,
				7A269D6129D9E101005D84BF /* ChannelProgramView.swift in Sources */,
				7AE1D88029DACEEC001E4DF7 /* ProfileView.swift in Sources */,
				7A269D4129D9E03C005D84BF /* KidsViewModel.swift in Sources */,
				7A269D4529D9E050005D84BF /* Models.swift in Sources */,
				7A269D7C29D9E1A4005D84BF /* SettingDetailViewModal.swift in Sources */,
				7A269D6F29D9E137005D84BF /* Color.swift in Sources */,
				7A269D8029D9E1BD005D84BF /* DownloadViewModel.swift in Sources */,
				7AE1D89829DAD94C001E4DF7 /* APIConfiguration.swift in Sources */,
				7AE1D88129DACEEC001E4DF7 /* SegmentPicker.swift in Sources */,
				7A269D4A29D9E068005D84BF /* MyListViewModel.swift in Sources */,
				7AE1D89A29DAD989001E4DF7 /* NetworkManager.swift in Sources */,
				7AE1D87A29DACEEC001E4DF7 /* MoreView.swift in Sources */,
				7A269D5829D9E0BD005D84BF /* TvShowView.swift in Sources */,
				7A269D5529D9E0A6005D84BF /* SportsViewModel.swift in Sources */,
				7A269D7429D9E179005D84BF /* LiveTVViewModal.swift in Sources */,
				7A269D5129D9E088005D84BF /* SettingMainView.swift in Sources */,
				7A269D7229D9E137005D84BF /* TabModifier.swift in Sources */,
				7A269D7829D9E196005D84BF /* PlayerViewModal.swift in Sources */,
				7A269D7029D9E137005D84BF /* NavigationModifier.swift in Sources */,
				7A269D6629D9E11F005D84BF /* HorizontalTVCell.swift in Sources */,
				7AE1D87C29DACEEC001E4DF7 /* CustomText.swift in Sources */,
				7A269D6E29D9E137005D84BF /* Constants.swift in Sources */,
				7A269D6429D9E115005D84BF /* HomeViewModel.swift in Sources */,
				7A269CEB29D9DE30005D84BF /* DSTV_UIApp.swift in Sources */,
				7A269D6D29D9E137005D84BF /* ListModifier.swift in Sources */,
				7A269D4D29D9E077005D84BF /* SearchView.swift in Sources */,
				7A269D3E29D9E031005D84BF /* ChannelViewModel.swift in Sources */,
				7A269D5C29D9E0E3005D84BF /* MovieItemView.swift in Sources */,
				7AE1D89029DAD464001E4DF7 /* CombineViewModal.swift in Sources */,
				7A269D5B29D9E0E3005D84BF /* MovieViewTV.swift in Sources */,
				7A269D4229D9E03C005D84BF /* KidsView.swift in Sources */,
				7A269D5629D9E0A6005D84BF /* SportsView.swift in Sources */,
				7AE1D87E29DACEEC001E4DF7 /* ItemData.swift in Sources */,
				7AE1D88E29DAD39F001E4DF7 /* APIManager.swift in Sources */,
				7AE1D88229DACEEC001E4DF7 /* SettingToggleView.swift in Sources */,
				7A269D3D29D9E031005D84BF /* ChannelMainView.swift in Sources */,
				7A269D7F29D9E1BD005D84BF /* CatchUpViewModel.swift in Sources */,
				7AE1D88429DACF31001E4DF7 /* DataModel.swift in Sources */,
			);
			runOnlyForDeploymentPostprocessing = 0;
		};
		7A269CF329D9DE32005D84BF /* Sources */ = {
			isa = PBXSourcesBuildPhase;
			buildActionMask = 2147483647;
			files = (
				7A269CFC29D9DE32005D84BF /* DSTV_UITests.swift in Sources */,
			);
			runOnlyForDeploymentPostprocessing = 0;
		};
		7A269CFD29D9DE32005D84BF /* Sources */ = {
			isa = PBXSourcesBuildPhase;
			buildActionMask = 2147483647;
			files = (
				7A269D0629D9DE33005D84BF /* DSTV_UIUITests.swift in Sources */,
				7A269D0829D9DE33005D84BF /* DSTV_UIUITestsLaunchTests.swift in Sources */,
			);
			runOnlyForDeploymentPostprocessing = 0;
		};
/* End PBXSourcesBuildPhase section */

/* Begin PBXTargetDependency section */
		7A269CC229D9DC94005D84BF /* PBXTargetDependency */ = {
			isa = PBXTargetDependency;
			target = 7A269CAF29D9DC92005D84BF /* SwiftUI_POC2 */;
			targetProxy = 7A269CC129D9DC94005D84BF /* PBXContainerItemProxy */;
		};
		7A269CCC29D9DC94005D84BF /* PBXTargetDependency */ = {
			isa = PBXTargetDependency;
			target = 7A269CAF29D9DC92005D84BF /* SwiftUI_POC2 */;
			targetProxy = 7A269CCB29D9DC94005D84BF /* PBXContainerItemProxy */;
		};
		7A269CF929D9DE32005D84BF /* PBXTargetDependency */ = {
			isa = PBXTargetDependency;
			target = 7A269CE729D9DE30005D84BF /* DSTV_UI */;
			targetProxy = 7A269CF829D9DE32005D84BF /* PBXContainerItemProxy */;
		};
		7A269D0329D9DE33005D84BF /* PBXTargetDependency */ = {
			isa = PBXTargetDependency;
			target = 7A269CE729D9DE30005D84BF /* DSTV_UI */;
			targetProxy = 7A269D0229D9DE33005D84BF /* PBXContainerItemProxy */;
		};
/* End PBXTargetDependency section */

/* Begin XCBuildConfiguration section */
		7A269CD229D9DC94005D84BF /* Debug */ = {
			isa = XCBuildConfiguration;
			buildSettings = {
				ALWAYS_SEARCH_USER_PATHS = NO;
				CLANG_ANALYZER_NONNULL = YES;
				CLANG_ANALYZER_NUMBER_OBJECT_CONVERSION = YES_AGGRESSIVE;
				CLANG_CXX_LANGUAGE_STANDARD = "gnu++20";
				CLANG_ENABLE_MODULES = YES;
				CLANG_ENABLE_OBJC_ARC = YES;
				CLANG_ENABLE_OBJC_WEAK = YES;
				CLANG_WARN_BLOCK_CAPTURE_AUTORELEASING = YES;
				CLANG_WARN_BOOL_CONVERSION = YES;
				CLANG_WARN_COMMA = YES;
				CLANG_WARN_CONSTANT_CONVERSION = YES;
				CLANG_WARN_DEPRECATED_OBJC_IMPLEMENTATIONS = YES;
				CLANG_WARN_DIRECT_OBJC_ISA_USAGE = YES_ERROR;
				CLANG_WARN_DOCUMENTATION_COMMENTS = YES;
				CLANG_WARN_EMPTY_BODY = YES;
				CLANG_WARN_ENUM_CONVERSION = YES;
				CLANG_WARN_INFINITE_RECURSION = YES;
				CLANG_WARN_INT_CONVERSION = YES;
				CLANG_WARN_NON_LITERAL_NULL_CONVERSION = YES;
				CLANG_WARN_OBJC_IMPLICIT_RETAIN_SELF = YES;
				CLANG_WARN_OBJC_LITERAL_CONVERSION = YES;
				CLANG_WARN_OBJC_ROOT_CLASS = YES_ERROR;
				CLANG_WARN_QUOTED_INCLUDE_IN_FRAMEWORK_HEADER = YES;
				CLANG_WARN_RANGE_LOOP_ANALYSIS = YES;
				CLANG_WARN_STRICT_PROTOTYPES = YES;
				CLANG_WARN_SUSPICIOUS_MOVE = YES;
				CLANG_WARN_UNGUARDED_AVAILABILITY = YES_AGGRESSIVE;
				CLANG_WARN_UNREACHABLE_CODE = YES;
				CLANG_WARN__DUPLICATE_METHOD_MATCH = YES;
				COPY_PHASE_STRIP = NO;
				DEBUG_INFORMATION_FORMAT = dwarf;
				ENABLE_STRICT_OBJC_MSGSEND = YES;
				ENABLE_TESTABILITY = YES;
				GCC_C_LANGUAGE_STANDARD = gnu11;
				GCC_DYNAMIC_NO_PIC = NO;
				GCC_NO_COMMON_BLOCKS = YES;
				GCC_OPTIMIZATION_LEVEL = 0;
				GCC_PREPROCESSOR_DEFINITIONS = (
					"DEBUG=1",
					"$(inherited)",
				);
				GCC_WARN_64_TO_32_BIT_CONVERSION = YES;
				GCC_WARN_ABOUT_RETURN_TYPE = YES_ERROR;
				GCC_WARN_UNDECLARED_SELECTOR = YES;
				GCC_WARN_UNINITIALIZED_AUTOS = YES_AGGRESSIVE;
				GCC_WARN_UNUSED_FUNCTION = YES;
				GCC_WARN_UNUSED_VARIABLE = YES;
				IPHONEOS_DEPLOYMENT_TARGET = 16.0;
				MTL_ENABLE_DEBUG_INFO = INCLUDE_SOURCE;
				MTL_FAST_MATH = YES;
				ONLY_ACTIVE_ARCH = YES;
				SDKROOT = iphoneos;
				SWIFT_ACTIVE_COMPILATION_CONDITIONS = DEBUG;
				SWIFT_OPTIMIZATION_LEVEL = "-Onone";
			};
			name = Debug;
		};
		7A269CD329D9DC94005D84BF /* Release */ = {
			isa = XCBuildConfiguration;
			buildSettings = {
				ALWAYS_SEARCH_USER_PATHS = NO;
				CLANG_ANALYZER_NONNULL = YES;
				CLANG_ANALYZER_NUMBER_OBJECT_CONVERSION = YES_AGGRESSIVE;
				CLANG_CXX_LANGUAGE_STANDARD = "gnu++20";
				CLANG_ENABLE_MODULES = YES;
				CLANG_ENABLE_OBJC_ARC = YES;
				CLANG_ENABLE_OBJC_WEAK = YES;
				CLANG_WARN_BLOCK_CAPTURE_AUTORELEASING = YES;
				CLANG_WARN_BOOL_CONVERSION = YES;
				CLANG_WARN_COMMA = YES;
				CLANG_WARN_CONSTANT_CONVERSION = YES;
				CLANG_WARN_DEPRECATED_OBJC_IMPLEMENTATIONS = YES;
				CLANG_WARN_DIRECT_OBJC_ISA_USAGE = YES_ERROR;
				CLANG_WARN_DOCUMENTATION_COMMENTS = YES;
				CLANG_WARN_EMPTY_BODY = YES;
				CLANG_WARN_ENUM_CONVERSION = YES;
				CLANG_WARN_INFINITE_RECURSION = YES;
				CLANG_WARN_INT_CONVERSION = YES;
				CLANG_WARN_NON_LITERAL_NULL_CONVERSION = YES;
				CLANG_WARN_OBJC_IMPLICIT_RETAIN_SELF = YES;
				CLANG_WARN_OBJC_LITERAL_CONVERSION = YES;
				CLANG_WARN_OBJC_ROOT_CLASS = YES_ERROR;
				CLANG_WARN_QUOTED_INCLUDE_IN_FRAMEWORK_HEADER = YES;
				CLANG_WARN_RANGE_LOOP_ANALYSIS = YES;
				CLANG_WARN_STRICT_PROTOTYPES = YES;
				CLANG_WARN_SUSPICIOUS_MOVE = YES;
				CLANG_WARN_UNGUARDED_AVAILABILITY = YES_AGGRESSIVE;
				CLANG_WARN_UNREACHABLE_CODE = YES;
				CLANG_WARN__DUPLICATE_METHOD_MATCH = YES;
				COPY_PHASE_STRIP = NO;
				DEBUG_INFORMATION_FORMAT = "dwarf-with-dsym";
				ENABLE_NS_ASSERTIONS = NO;
				ENABLE_STRICT_OBJC_MSGSEND = YES;
				GCC_C_LANGUAGE_STANDARD = gnu11;
				GCC_NO_COMMON_BLOCKS = YES;
				GCC_WARN_64_TO_32_BIT_CONVERSION = YES;
				GCC_WARN_ABOUT_RETURN_TYPE = YES_ERROR;
				GCC_WARN_UNDECLARED_SELECTOR = YES;
				GCC_WARN_UNINITIALIZED_AUTOS = YES_AGGRESSIVE;
				GCC_WARN_UNUSED_FUNCTION = YES;
				GCC_WARN_UNUSED_VARIABLE = YES;
				IPHONEOS_DEPLOYMENT_TARGET = 16.0;
				MTL_ENABLE_DEBUG_INFO = NO;
				MTL_FAST_MATH = YES;
				SDKROOT = iphoneos;
				SWIFT_COMPILATION_MODE = wholemodule;
				SWIFT_OPTIMIZATION_LEVEL = "-O";
				VALIDATE_PRODUCT = YES;
			};
			name = Release;
		};
		7A269CD529D9DC94005D84BF /* Debug */ = {
			isa = XCBuildConfiguration;
			buildSettings = {
				ASSETCATALOG_COMPILER_APPICON_NAME = AppIcon;
				ASSETCATALOG_COMPILER_GLOBAL_ACCENT_COLOR_NAME = AccentColor;
				CODE_SIGN_STYLE = Automatic;
				CURRENT_PROJECT_VERSION = 1;
				DEVELOPMENT_ASSET_PATHS = "\"SwiftUI_POC2/Preview Content\"";
				ENABLE_PREVIEWS = YES;
				GENERATE_INFOPLIST_FILE = YES;
				INFOPLIST_KEY_UIApplicationSceneManifest_Generation = YES;
				INFOPLIST_KEY_UIApplicationSupportsIndirectInputEvents = YES;
				INFOPLIST_KEY_UILaunchScreen_Generation = YES;
				INFOPLIST_KEY_UISupportedInterfaceOrientations_iPad = "UIInterfaceOrientationPortrait UIInterfaceOrientationPortraitUpsideDown UIInterfaceOrientationLandscapeLeft UIInterfaceOrientationLandscapeRight";
				INFOPLIST_KEY_UISupportedInterfaceOrientations_iPhone = "UIInterfaceOrientationPortrait UIInterfaceOrientationLandscapeLeft UIInterfaceOrientationLandscapeRight";
				LD_RUNPATH_SEARCH_PATHS = (
					"$(inherited)",
					"@executable_path/Frameworks",
				);
				MARKETING_VERSION = 1.0;
				PRODUCT_BUNDLE_IDENTIFIER = "com.oum.SwiftUI-POC2";
				PRODUCT_NAME = "$(TARGET_NAME)";
				SWIFT_EMIT_LOC_STRINGS = YES;
				SWIFT_VERSION = 5.0;
				TARGETED_DEVICE_FAMILY = "1,2";
			};
			name = Debug;
		};
		7A269CD629D9DC94005D84BF /* Release */ = {
			isa = XCBuildConfiguration;
			buildSettings = {
				ASSETCATALOG_COMPILER_APPICON_NAME = AppIcon;
				ASSETCATALOG_COMPILER_GLOBAL_ACCENT_COLOR_NAME = AccentColor;
				CODE_SIGN_STYLE = Automatic;
				CURRENT_PROJECT_VERSION = 1;
				DEVELOPMENT_ASSET_PATHS = "\"SwiftUI_POC2/Preview Content\"";
				ENABLE_PREVIEWS = YES;
				GENERATE_INFOPLIST_FILE = YES;
				INFOPLIST_KEY_UIApplicationSceneManifest_Generation = YES;
				INFOPLIST_KEY_UIApplicationSupportsIndirectInputEvents = YES;
				INFOPLIST_KEY_UILaunchScreen_Generation = YES;
				INFOPLIST_KEY_UISupportedInterfaceOrientations_iPad = "UIInterfaceOrientationPortrait UIInterfaceOrientationPortraitUpsideDown UIInterfaceOrientationLandscapeLeft UIInterfaceOrientationLandscapeRight";
				INFOPLIST_KEY_UISupportedInterfaceOrientations_iPhone = "UIInterfaceOrientationPortrait UIInterfaceOrientationLandscapeLeft UIInterfaceOrientationLandscapeRight";
				LD_RUNPATH_SEARCH_PATHS = (
					"$(inherited)",
					"@executable_path/Frameworks",
				);
				MARKETING_VERSION = 1.0;
				PRODUCT_BUNDLE_IDENTIFIER = "com.oum.SwiftUI-POC2";
				PRODUCT_NAME = "$(TARGET_NAME)";
				SWIFT_EMIT_LOC_STRINGS = YES;
				SWIFT_VERSION = 5.0;
				TARGETED_DEVICE_FAMILY = "1,2";
			};
			name = Release;
		};
		7A269CD829D9DC94005D84BF /* Debug */ = {
			isa = XCBuildConfiguration;
			buildSettings = {
				ALWAYS_EMBED_SWIFT_STANDARD_LIBRARIES = YES;
				BUNDLE_LOADER = "$(TEST_HOST)";
				CODE_SIGN_STYLE = Automatic;
				CURRENT_PROJECT_VERSION = 1;
				GENERATE_INFOPLIST_FILE = YES;
				IPHONEOS_DEPLOYMENT_TARGET = 16.0;
				MARKETING_VERSION = 1.0;
				PRODUCT_BUNDLE_IDENTIFIER = "com.oum.SwiftUI-POC2Tests";
				PRODUCT_NAME = "$(TARGET_NAME)";
				SWIFT_EMIT_LOC_STRINGS = NO;
				SWIFT_VERSION = 5.0;
				TARGETED_DEVICE_FAMILY = "1,2";
				TEST_HOST = "$(BUILT_PRODUCTS_DIR)/SwiftUI_POC2.app/$(BUNDLE_EXECUTABLE_FOLDER_PATH)/SwiftUI_POC2";
			};
			name = Debug;
		};
		7A269CD929D9DC94005D84BF /* Release */ = {
			isa = XCBuildConfiguration;
			buildSettings = {
				ALWAYS_EMBED_SWIFT_STANDARD_LIBRARIES = YES;
				BUNDLE_LOADER = "$(TEST_HOST)";
				CODE_SIGN_STYLE = Automatic;
				CURRENT_PROJECT_VERSION = 1;
				GENERATE_INFOPLIST_FILE = YES;
				IPHONEOS_DEPLOYMENT_TARGET = 16.0;
				MARKETING_VERSION = 1.0;
				PRODUCT_BUNDLE_IDENTIFIER = "com.oum.SwiftUI-POC2Tests";
				PRODUCT_NAME = "$(TARGET_NAME)";
				SWIFT_EMIT_LOC_STRINGS = NO;
				SWIFT_VERSION = 5.0;
				TARGETED_DEVICE_FAMILY = "1,2";
				TEST_HOST = "$(BUILT_PRODUCTS_DIR)/SwiftUI_POC2.app/$(BUNDLE_EXECUTABLE_FOLDER_PATH)/SwiftUI_POC2";
			};
			name = Release;
		};
		7A269CDB29D9DC94005D84BF /* Debug */ = {
			isa = XCBuildConfiguration;
			buildSettings = {
				ALWAYS_EMBED_SWIFT_STANDARD_LIBRARIES = YES;
				CODE_SIGN_STYLE = Automatic;
				CURRENT_PROJECT_VERSION = 1;
				GENERATE_INFOPLIST_FILE = YES;
				MARKETING_VERSION = 1.0;
				PRODUCT_BUNDLE_IDENTIFIER = "com.oum.SwiftUI-POC2UITests";
				PRODUCT_NAME = "$(TARGET_NAME)";
				SWIFT_EMIT_LOC_STRINGS = NO;
				SWIFT_VERSION = 5.0;
				TARGETED_DEVICE_FAMILY = "1,2";
				TEST_TARGET_NAME = SwiftUI_POC2;
			};
			name = Debug;
		};
		7A269CDC29D9DC94005D84BF /* Release */ = {
			isa = XCBuildConfiguration;
			buildSettings = {
				ALWAYS_EMBED_SWIFT_STANDARD_LIBRARIES = YES;
				CODE_SIGN_STYLE = Automatic;
				CURRENT_PROJECT_VERSION = 1;
				GENERATE_INFOPLIST_FILE = YES;
				MARKETING_VERSION = 1.0;
				PRODUCT_BUNDLE_IDENTIFIER = "com.oum.SwiftUI-POC2UITests";
				PRODUCT_NAME = "$(TARGET_NAME)";
				SWIFT_EMIT_LOC_STRINGS = NO;
				SWIFT_VERSION = 5.0;
				TARGETED_DEVICE_FAMILY = "1,2";
				TEST_TARGET_NAME = SwiftUI_POC2;
			};
			name = Release;
		};
		7A269D0A29D9DE33005D84BF /* Debug */ = {
			isa = XCBuildConfiguration;
			buildSettings = {
				ASSETCATALOG_COMPILER_APPICON_NAME = "App Icon & Top Shelf Image";
				ASSETCATALOG_COMPILER_GLOBAL_ACCENT_COLOR_NAME = AccentColor;
				CODE_SIGN_STYLE = Automatic;
				CURRENT_PROJECT_VERSION = 1;
				DEVELOPMENT_ASSET_PATHS = "\"DSTV_UI/Preview Content\"";
				ENABLE_PREVIEWS = YES;
				GENERATE_INFOPLIST_FILE = YES;
				INFOPLIST_KEY_UILaunchScreen_Generation = YES;
				INFOPLIST_KEY_UIUserInterfaceStyle = Automatic;
				LD_RUNPATH_SEARCH_PATHS = (
					"$(inherited)",
					"@executable_path/Frameworks",
				);
				MARKETING_VERSION = 1.0;
				PRODUCT_BUNDLE_IDENTIFIER = "com.oum.DSTV-UI";
				PRODUCT_NAME = "$(TARGET_NAME)";
				SDKROOT = appletvos;
				SWIFT_EMIT_LOC_STRINGS = YES;
				SWIFT_VERSION = 5.0;
				TARGETED_DEVICE_FAMILY = 3;
				TVOS_DEPLOYMENT_TARGET = 16.0;
			};
			name = Debug;
		};
		7A269D0B29D9DE33005D84BF /* Release */ = {
			isa = XCBuildConfiguration;
			buildSettings = {
				ASSETCATALOG_COMPILER_APPICON_NAME = "App Icon & Top Shelf Image";
				ASSETCATALOG_COMPILER_GLOBAL_ACCENT_COLOR_NAME = AccentColor;
				CODE_SIGN_STYLE = Automatic;
				CURRENT_PROJECT_VERSION = 1;
				DEVELOPMENT_ASSET_PATHS = "\"DSTV_UI/Preview Content\"";
				ENABLE_PREVIEWS = YES;
				GENERATE_INFOPLIST_FILE = YES;
				INFOPLIST_KEY_UILaunchScreen_Generation = YES;
				INFOPLIST_KEY_UIUserInterfaceStyle = Automatic;
				LD_RUNPATH_SEARCH_PATHS = (
					"$(inherited)",
					"@executable_path/Frameworks",
				);
				MARKETING_VERSION = 1.0;
				PRODUCT_BUNDLE_IDENTIFIER = "com.oum.DSTV-UI";
				PRODUCT_NAME = "$(TARGET_NAME)";
				SDKROOT = appletvos;
				SWIFT_EMIT_LOC_STRINGS = YES;
				SWIFT_VERSION = 5.0;
				TARGETED_DEVICE_FAMILY = 3;
				TVOS_DEPLOYMENT_TARGET = 16.0;
			};
			name = Release;
		};
		7A269D0D29D9DE33005D84BF /* Debug */ = {
			isa = XCBuildConfiguration;
			buildSettings = {
				ALWAYS_EMBED_SWIFT_STANDARD_LIBRARIES = YES;
				BUNDLE_LOADER = "$(TEST_HOST)";
				CODE_SIGN_STYLE = Automatic;
				CURRENT_PROJECT_VERSION = 1;
				GENERATE_INFOPLIST_FILE = YES;
				MARKETING_VERSION = 1.0;
				PRODUCT_BUNDLE_IDENTIFIER = "com.oum.DSTV-UITests";
				PRODUCT_NAME = "$(TARGET_NAME)";
				SDKROOT = appletvos;
				SWIFT_EMIT_LOC_STRINGS = NO;
				SWIFT_VERSION = 5.0;
				TARGETED_DEVICE_FAMILY = 3;
				TEST_HOST = "$(BUILT_PRODUCTS_DIR)/DSTV_UI.app/$(BUNDLE_EXECUTABLE_FOLDER_PATH)/DSTV_UI";
				TVOS_DEPLOYMENT_TARGET = 16.0;
			};
			name = Debug;
		};
		7A269D0E29D9DE33005D84BF /* Release */ = {
			isa = XCBuildConfiguration;
			buildSettings = {
				ALWAYS_EMBED_SWIFT_STANDARD_LIBRARIES = YES;
				BUNDLE_LOADER = "$(TEST_HOST)";
				CODE_SIGN_STYLE = Automatic;
				CURRENT_PROJECT_VERSION = 1;
				GENERATE_INFOPLIST_FILE = YES;
				MARKETING_VERSION = 1.0;
				PRODUCT_BUNDLE_IDENTIFIER = "com.oum.DSTV-UITests";
				PRODUCT_NAME = "$(TARGET_NAME)";
				SDKROOT = appletvos;
				SWIFT_EMIT_LOC_STRINGS = NO;
				SWIFT_VERSION = 5.0;
				TARGETED_DEVICE_FAMILY = 3;
				TEST_HOST = "$(BUILT_PRODUCTS_DIR)/DSTV_UI.app/$(BUNDLE_EXECUTABLE_FOLDER_PATH)/DSTV_UI";
				TVOS_DEPLOYMENT_TARGET = 16.0;
			};
			name = Release;
		};
		7A269D1029D9DE33005D84BF /* Debug */ = {
			isa = XCBuildConfiguration;
			buildSettings = {
				ALWAYS_EMBED_SWIFT_STANDARD_LIBRARIES = YES;
				CODE_SIGN_STYLE = Automatic;
				CURRENT_PROJECT_VERSION = 1;
				GENERATE_INFOPLIST_FILE = YES;
				MARKETING_VERSION = 1.0;
				PRODUCT_BUNDLE_IDENTIFIER = "com.oum.DSTV-UIUITests";
				PRODUCT_NAME = "$(TARGET_NAME)";
				SDKROOT = appletvos;
				SWIFT_EMIT_LOC_STRINGS = NO;
				SWIFT_VERSION = 5.0;
				TARGETED_DEVICE_FAMILY = 3;
				TEST_TARGET_NAME = DSTV_UI;
				TVOS_DEPLOYMENT_TARGET = 16.0;
			};
			name = Debug;
		};
		7A269D1129D9DE33005D84BF /* Release */ = {
			isa = XCBuildConfiguration;
			buildSettings = {
				ALWAYS_EMBED_SWIFT_STANDARD_LIBRARIES = YES;
				CODE_SIGN_STYLE = Automatic;
				CURRENT_PROJECT_VERSION = 1;
				GENERATE_INFOPLIST_FILE = YES;
				MARKETING_VERSION = 1.0;
				PRODUCT_BUNDLE_IDENTIFIER = "com.oum.DSTV-UIUITests";
				PRODUCT_NAME = "$(TARGET_NAME)";
				SDKROOT = appletvos;
				SWIFT_EMIT_LOC_STRINGS = NO;
				SWIFT_VERSION = 5.0;
				TARGETED_DEVICE_FAMILY = 3;
				TEST_TARGET_NAME = DSTV_UI;
				TVOS_DEPLOYMENT_TARGET = 16.0;
			};
			name = Release;
		};
/* End XCBuildConfiguration section */

/* Begin XCConfigurationList section */
		7A269CAB29D9DC92005D84BF /* Build configuration list for PBXProject "SwiftUI_POC2" */ = {
			isa = XCConfigurationList;
			buildConfigurations = (
				7A269CD229D9DC94005D84BF /* Debug */,
				7A269CD329D9DC94005D84BF /* Release */,
			);
			defaultConfigurationIsVisible = 0;
			defaultConfigurationName = Release;
		};
		7A269CD429D9DC94005D84BF /* Build configuration list for PBXNativeTarget "SwiftUI_POC2" */ = {
			isa = XCConfigurationList;
			buildConfigurations = (
				7A269CD529D9DC94005D84BF /* Debug */,
				7A269CD629D9DC94005D84BF /* Release */,
			);
			defaultConfigurationIsVisible = 0;
			defaultConfigurationName = Release;
		};
		7A269CD729D9DC94005D84BF /* Build configuration list for PBXNativeTarget "SwiftUI_POC2Tests" */ = {
			isa = XCConfigurationList;
			buildConfigurations = (
				7A269CD829D9DC94005D84BF /* Debug */,
				7A269CD929D9DC94005D84BF /* Release */,
			);
			defaultConfigurationIsVisible = 0;
			defaultConfigurationName = Release;
		};
		7A269CDA29D9DC94005D84BF /* Build configuration list for PBXNativeTarget "SwiftUI_POC2UITests" */ = {
			isa = XCConfigurationList;
			buildConfigurations = (
				7A269CDB29D9DC94005D84BF /* Debug */,
				7A269CDC29D9DC94005D84BF /* Release */,
			);
			defaultConfigurationIsVisible = 0;
			defaultConfigurationName = Release;
		};
		7A269D0929D9DE33005D84BF /* Build configuration list for PBXNativeTarget "DSTV_UI" */ = {
			isa = XCConfigurationList;
			buildConfigurations = (
				7A269D0A29D9DE33005D84BF /* Debug */,
				7A269D0B29D9DE33005D84BF /* Release */,
			);
			defaultConfigurationIsVisible = 0;
			defaultConfigurationName = Release;
		};
		7A269D0C29D9DE33005D84BF /* Build configuration list for PBXNativeTarget "DSTV_UITests" */ = {
			isa = XCConfigurationList;
			buildConfigurations = (
				7A269D0D29D9DE33005D84BF /* Debug */,
				7A269D0E29D9DE33005D84BF /* Release */,
			);
			defaultConfigurationIsVisible = 0;
			defaultConfigurationName = Release;
		};
		7A269D0F29D9DE33005D84BF /* Build configuration list for PBXNativeTarget "DSTV_UIUITests" */ = {
			isa = XCConfigurationList;
			buildConfigurations = (
				7A269D1029D9DE33005D84BF /* Debug */,
				7A269D1129D9DE33005D84BF /* Release */,
			);
			defaultConfigurationIsVisible = 0;
			defaultConfigurationName = Release;
		};
/* End XCConfigurationList section */

/* Begin XCRemoteSwiftPackageReference section */
		7AE1D88529DAD288001E4DF7 /* XCRemoteSwiftPackageReference "RxSwift" */ = {
			isa = XCRemoteSwiftPackageReference;
			repositoryURL = "https://github.com/ReactiveX/RxSwift.git";
			requirement = {
				branch = main;
				kind = branch;
			};
		};
		7AE1D89129DAD802001E4DF7 /* XCRemoteSwiftPackageReference "Alamofire" */ = {
			isa = XCRemoteSwiftPackageReference;
			repositoryURL = "https://github.com/Alamofire/Alamofire.git";
			requirement = {
				branch = master;
				kind = branch;
			};
		};
/* End XCRemoteSwiftPackageReference section */

/* Begin XCSwiftPackageProductDependency section */
		7AE1D88629DAD288001E4DF7 /* RxCocoa */ = {
			isa = XCSwiftPackageProductDependency;
			package = 7AE1D88529DAD288001E4DF7 /* XCRemoteSwiftPackageReference "RxSwift" */;
			productName = RxCocoa;
		};
		7AE1D88829DAD288001E4DF7 /* RxRelay */ = {
			isa = XCSwiftPackageProductDependency;
			package = 7AE1D88529DAD288001E4DF7 /* XCRemoteSwiftPackageReference "RxSwift" */;
			productName = RxRelay;
		};
		7AE1D88A29DAD288001E4DF7 /* RxSwift */ = {
			isa = XCSwiftPackageProductDependency;
			package = 7AE1D88529DAD288001E4DF7 /* XCRemoteSwiftPackageReference "RxSwift" */;
			productName = RxSwift;
		};
		7AE1D89229DAD802001E4DF7 /* Alamofire */ = {
			isa = XCSwiftPackageProductDependency;
			package = 7AE1D89129DAD802001E4DF7 /* XCRemoteSwiftPackageReference "Alamofire" */;
			productName = Alamofire;
		};
		7AE1D89529DAD8DF001E4DF7 /* Alamofire */ = {
			isa = XCSwiftPackageProductDependency;
			package = 7AE1D89129DAD802001E4DF7 /* XCRemoteSwiftPackageReference "Alamofire" */;
			productName = Alamofire;
		};
/* End XCSwiftPackageProductDependency section */
	};
	rootObject = 7A269CA829D9DC92005D84BF /* Project object */;
}
